
Microsoft Visual Studio Solution File, Format Version 12.00
# Visual Studio Version 17
VisualStudioVersion = 17.3.32922.545
MinimumVisualStudioVersion = 10.0.40219.1
Project("{FAE04EC0-301F-11D3-BF4B-00C04F79EFBC}") = "01. Define Class Person", "01. Define Class Person\01. Define Class Person.csproj", "{6391FDBC-A2ED-446E-A696-1432FA63DC50}"
EndProject
Project("{FAE04EC0-301F-11D3-BF4B-00C04F79EFBC}") = "02. Creating Constructors", "02. Creating Constructors\02. Creating Constructors.csproj", "{B77E71E1-192D-4392-A3FB-E722AF7239CE}"
EndProject
Project("{FAE04EC0-301F-11D3-BF4B-00C04F79EFBC}") = "03. Oldest Family Member", "03. Oldest Family Member\03. Oldest Family Member.csproj", "{A6466E12-3554-4415-A771-C2FD081C51D8}"
EndProject
Project("{FAE04EC0-301F-11D3-BF4B-00C04F79EFBC}") = "04. Opinion Poll", "04. Opinion Poll\04. Opinion Poll.csproj", "{A8BBBD6D-7CBD-4279-B266-A6C92457442E}"
EndProject
Project("{FAE04EC0-301F-11D3-BF4B-00C04F79EFBC}") = "DefiningClasses", "DefiningClasses\DefiningClasses.csproj", "{08F114F5-DCF8-4597-8567-FDF3B1E96213}"
EndProject
Global
	GlobalSection(SolutionConfigurationPlatforms) = preSolution
		Debug|Any CPU = Debug|Any CPU
		Release|Any CPU = Release|Any CPU
	EndGlobalSection
	GlobalSection(ProjectConfigurationPlatforms) = postSolution
		{6391FDBC-A2ED-446E-A696-1432FA63DC50}.Debug|Any CPU.ActiveCfg = Debug|Any CPU
		{6391FDBC-A2ED-446E-A696-1432FA63DC50}.Debug|Any CPU.Build.0 = Debug|Any CPU
		{6391FDBC-A2ED-446E-A696-1432FA63DC50}.Release|Any CPU.ActiveCfg = Release|Any CPU
		{6391FDBC-A2ED-446E-A696-1432FA63DC50}.Release|Any CPU.Build.0 = Release|Any CPU
		{B77E71E1-192D-4392-A3FB-E722AF7239CE}.Debug|Any CPU.ActiveCfg = Debug|Any CPU
		{B77E71E1-192D-4392-A3FB-E722AF7239CE}.Debug|Any CPU.Build.0 = Debug|Any CPU
		{B77E71E1-192D-4392-A3FB-E722AF7239CE}.Release|Any CPU.ActiveCfg = Release|Any CPU
		{B77E71E1-192D-4392-A3FB-E722AF7239CE}.Release|Any CPU.Build.0 = Release|Any CPU
		{A6466E12-3554-4415-A771-C2FD081C51D8}.Debug|Any CPU.ActiveCfg = Debug|Any CPU
		{A6466E12-3554-4415-A771-C2FD081C51D8}.Debug|Any CPU.Build.0 = Debug|Any CPU
		{A6466E12-3554-4415-A771-C2FD081C51D8}.Release|Any CPU.ActiveCfg = Release|Any CPU
		{A6466E12-3554-4415-A771-C2FD081C51D8}.Release|Any CPU.Build.0 = Release|Any CPU
		{A8BBBD6D-7CBD-4279-B266-A6C92457442E}.Debug|Any CPU.ActiveCfg = Debug|Any CPU
		{A8BBBD6D-7CBD-4279-B266-A6C92457442E}.Debug|Any CPU.Build.0 = Debug|Any CPU
		{A8BBBD6D-7CBD-4279-B266-A6C92457442E}.Release|Any CPU.ActiveCfg = Release|Any CPU
		{A8BBBD6D-7CBD-4279-B266-A6C92457442E}.Release|Any CPU.Build.0 = Release|Any CPU
		{08F114F5-DCF8-4597-8567-FDF3B1E96213}.Debug|Any CPU.ActiveCfg = Debug|Any CPU
		{08F114F5-DCF8-4597-8567-FDF3B1E96213}.Debug|Any CPU.Build.0 = Debug|Any CPU
		{08F114F5-DCF8-4597-8567-FDF3B1E96213}.Release|Any CPU.ActiveCfg = Release|Any CPU
		{08F114F5-DCF8-4597-8567-FDF3B1E96213}.Release|Any CPU.Build.0 = Release|Any CPU
	EndGlobalSection
	GlobalSection(SolutionProperties) = preSolution
		HideSolutionNode = FALSE
	EndGlobalSection
	GlobalSection(ExtensibilityGlobals) = postSolution
		SolutionGuid = {F294CE60-2A82-4BDB-A1E8-08057244B51A}
	EndGlobalSection
EndGlobal
