
Microsoft Visual Studio Solution File, Format Version 12.00
# Visual Studio Version 17
VisualStudioVersion = 17.3.32922.545
MinimumVisualStudioVersion = 10.0.40219.1
Project("{FAE04EC0-301F-11D3-BF4B-00C04F79EFBC}") = "01. Define a Class Person", "01. Define a Class Person\01. Define a Class Person.csproj", "{DF616580-7204-4DA3-81A4-277967A2F769}"
EndProject
Global
	GlobalSection(SolutionConfigurationPlatforms) = preSolution
		Debug|Any CPU = Debug|Any CPU
		Release|Any CPU = Release|Any CPU
	EndGlobalSection
	GlobalSection(ProjectConfigurationPlatforms) = postSolution
		{DF616580-7204-4DA3-81A4-277967A2F769}.Debug|Any CPU.ActiveCfg = Debug|Any CPU
		{DF616580-7204-4DA3-81A4-277967A2F769}.Debug|Any CPU.Build.0 = Debug|Any CPU
		{DF616580-7204-4DA3-81A4-277967A2F769}.Release|Any CPU.ActiveCfg = Release|Any CPU
		{DF616580-7204-4DA3-81A4-277967A2F769}.Release|Any CPU.Build.0 = Release|Any CPU
	EndGlobalSection
	GlobalSection(SolutionProperties) = preSolution
		HideSolutionNode = FALSE
	EndGlobalSection
	GlobalSection(ExtensibilityGlobals) = postSolution
		SolutionGuid = {F294CE60-2A82-4BDB-A1E8-08057244B51A}
	EndGlobalSection
EndGlobal
