
Microsoft Visual Studio Solution File, Format Version 12.00
# Visual Studio Version 17
VisualStudioVersion = 17.3.32922.545
MinimumVisualStudioVersion = 10.0.40219.1
Project("{FAE04EC0-301F-11D3-BF4B-00C04F79EFBC}") = "01.DefineAnInterfaceIPerson", "01.DefineAnInterfaceIPerson\01.DefineAnInterfaceIPerson.csproj", "{642514D3-E45C-4A34-9B2D-9A595AF30AEA}"
EndProject
Project("{FAE04EC0-301F-11D3-BF4B-00C04F79EFBC}") = "03.Telephony", "03.Telephony\03.Telephony.csproj", "{D1734372-2DCE-45E9-9B13-8EB3143603A0}"
EndProject
Project("{FAE04EC0-301F-11D3-BF4B-00C04F79EFBC}") = "04.BorderControl", "04.BorderControl\04.BorderControl.csproj", "{2F6B2FC4-45D3-4BE5-9EAB-B0C0817AC772}"
EndProject
Global
	GlobalSection(SolutionConfigurationPlatforms) = preSolution
		Debug|Any CPU = Debug|Any CPU
		Release|Any CPU = Release|Any CPU
	EndGlobalSection
	GlobalSection(ProjectConfigurationPlatforms) = postSolution
		{642514D3-E45C-4A34-9B2D-9A595AF30AEA}.Debug|Any CPU.ActiveCfg = Debug|Any CPU
		{642514D3-E45C-4A34-9B2D-9A595AF30AEA}.Debug|Any CPU.Build.0 = Debug|Any CPU
		{642514D3-E45C-4A34-9B2D-9A595AF30AEA}.Release|Any CPU.ActiveCfg = Release|Any CPU
		{642514D3-E45C-4A34-9B2D-9A595AF30AEA}.Release|Any CPU.Build.0 = Release|Any CPU
		{D1734372-2DCE-45E9-9B13-8EB3143603A0}.Debug|Any CPU.ActiveCfg = Debug|Any CPU
		{D1734372-2DCE-45E9-9B13-8EB3143603A0}.Debug|Any CPU.Build.0 = Debug|Any CPU
		{D1734372-2DCE-45E9-9B13-8EB3143603A0}.Release|Any CPU.ActiveCfg = Release|Any CPU
		{D1734372-2DCE-45E9-9B13-8EB3143603A0}.Release|Any CPU.Build.0 = Release|Any CPU
		{2F6B2FC4-45D3-4BE5-9EAB-B0C0817AC772}.Debug|Any CPU.ActiveCfg = Debug|Any CPU
		{2F6B2FC4-45D3-4BE5-9EAB-B0C0817AC772}.Debug|Any CPU.Build.0 = Debug|Any CPU
		{2F6B2FC4-45D3-4BE5-9EAB-B0C0817AC772}.Release|Any CPU.ActiveCfg = Release|Any CPU
		{2F6B2FC4-45D3-4BE5-9EAB-B0C0817AC772}.Release|Any CPU.Build.0 = Release|Any CPU
	EndGlobalSection
	GlobalSection(SolutionProperties) = preSolution
		HideSolutionNode = FALSE
	EndGlobalSection
	GlobalSection(ExtensibilityGlobals) = postSolution
		SolutionGuid = {467E499E-175F-4BC5-B47E-DE5EB7B6C11D}
	EndGlobalSection
EndGlobal
