
Microsoft Visual Studio Solution File, Format Version 12.00
# Visual Studio Version 17
VisualStudioVersion = 17.6.33801.468
MinimumVisualStudioVersion = 10.0.40219.1
Project("{FAE04EC0-301F-11D3-BF4B-00C04F79EFBC}") = "-01.PermutationsWithoutRepetition", "-01.PermutationsWithoutRepetition\-01.PermutationsWithoutRepetition.csproj", "{86736071-F7D5-4853-B62A-1F92F07242F9}"
EndProject
Project("{FAE04EC0-301F-11D3-BF4B-00C04F79EFBC}") = "-02.PermutationsWithRepetition", "-02.PermutationsWithRepetition\-02.PermutationsWithRepetition.csproj", "{125B51D7-D7ED-4AD8-A074-F7ED53570F2D}"
EndProject
Project("{FAE04EC0-301F-11D3-BF4B-00C04F79EFBC}") = "-03.VariationsWithoutRepetition", "-03.VariationsWithoutRepetition\-03.VariationsWithoutRepetition.csproj", "{E9A11BF1-B3C8-4A21-ADF2-6B2BDD008D67}"
EndProject
Project("{FAE04EC0-301F-11D3-BF4B-00C04F79EFBC}") = "-04.VariationsWithRepetition", "-04.VariationsWithRepetition\-04.VariationsWithRepetition.csproj", "{1DB7C4B4-D912-4EA0-B328-0DBB75E6065B}"
EndProject
Project("{FAE04EC0-301F-11D3-BF4B-00C04F79EFBC}") = "-05.CombinationsWithoutRepetition", "-05.CombinationsWithoutRepetition\-05.CombinationsWithoutRepetition.csproj", "{BE4760F7-33A2-433D-AC5E-453736100A7F}"
EndProject
Global
	GlobalSection(SolutionConfigurationPlatforms) = preSolution
		Debug|Any CPU = Debug|Any CPU
		Release|Any CPU = Release|Any CPU
	EndGlobalSection
	GlobalSection(ProjectConfigurationPlatforms) = postSolution
		{86736071-F7D5-4853-B62A-1F92F07242F9}.Debug|Any CPU.ActiveCfg = Debug|Any CPU
		{86736071-F7D5-4853-B62A-1F92F07242F9}.Debug|Any CPU.Build.0 = Debug|Any CPU
		{86736071-F7D5-4853-B62A-1F92F07242F9}.Release|Any CPU.ActiveCfg = Release|Any CPU
		{86736071-F7D5-4853-B62A-1F92F07242F9}.Release|Any CPU.Build.0 = Release|Any CPU
		{125B51D7-D7ED-4AD8-A074-F7ED53570F2D}.Debug|Any CPU.ActiveCfg = Debug|Any CPU
		{125B51D7-D7ED-4AD8-A074-F7ED53570F2D}.Debug|Any CPU.Build.0 = Debug|Any CPU
		{125B51D7-D7ED-4AD8-A074-F7ED53570F2D}.Release|Any CPU.ActiveCfg = Release|Any CPU
		{125B51D7-D7ED-4AD8-A074-F7ED53570F2D}.Release|Any CPU.Build.0 = Release|Any CPU
		{E9A11BF1-B3C8-4A21-ADF2-6B2BDD008D67}.Debug|Any CPU.ActiveCfg = Debug|Any CPU
		{E9A11BF1-B3C8-4A21-ADF2-6B2BDD008D67}.Debug|Any CPU.Build.0 = Debug|Any CPU
		{E9A11BF1-B3C8-4A21-ADF2-6B2BDD008D67}.Release|Any CPU.ActiveCfg = Release|Any CPU
		{E9A11BF1-B3C8-4A21-ADF2-6B2BDD008D67}.Release|Any CPU.Build.0 = Release|Any CPU
		{1DB7C4B4-D912-4EA0-B328-0DBB75E6065B}.Debug|Any CPU.ActiveCfg = Debug|Any CPU
		{1DB7C4B4-D912-4EA0-B328-0DBB75E6065B}.Debug|Any CPU.Build.0 = Debug|Any CPU
		{1DB7C4B4-D912-4EA0-B328-0DBB75E6065B}.Release|Any CPU.ActiveCfg = Release|Any CPU
		{1DB7C4B4-D912-4EA0-B328-0DBB75E6065B}.Release|Any CPU.Build.0 = Release|Any CPU
		{BE4760F7-33A2-433D-AC5E-453736100A7F}.Debug|Any CPU.ActiveCfg = Debug|Any CPU
		{BE4760F7-33A2-433D-AC5E-453736100A7F}.Debug|Any CPU.Build.0 = Debug|Any CPU
		{BE4760F7-33A2-433D-AC5E-453736100A7F}.Release|Any CPU.ActiveCfg = Release|Any CPU
		{BE4760F7-33A2-433D-AC5E-453736100A7F}.Release|Any CPU.Build.0 = Release|Any CPU
	EndGlobalSection
	GlobalSection(SolutionProperties) = preSolution
		HideSolutionNode = FALSE
	EndGlobalSection
	GlobalSection(ExtensibilityGlobals) = postSolution
		SolutionGuid = {6B58AA80-ACBB-4194-A7FA-B5387A9E59C2}
	EndGlobalSection
EndGlobal
