
Microsoft Visual Studio Solution File, Format Version 12.00
# Visual Studio Version 17
VisualStudioVersion = 17.4.33213.308
MinimumVisualStudioVersion = 10.0.40219.1
Project("{FAE04EC0-301F-11D3-BF4B-00C04F79EFBC}") = "Identity-Lecture", "Identity-Lecture\Identity-Lecture.csproj", "{ABFFE674-D1FD-4BE2-ACB5-795A279A0C58}"
EndProject
Global
	GlobalSection(SolutionConfigurationPlatforms) = preSolution
		Debug|Any CPU = Debug|Any CPU
		Release|Any CPU = Release|Any CPU
	EndGlobalSection
	GlobalSection(ProjectConfigurationPlatforms) = postSolution
		{ABFFE674-D1FD-4BE2-ACB5-795A279A0C58}.Debug|Any CPU.ActiveCfg = Debug|Any CPU
		{ABFFE674-D1FD-4BE2-ACB5-795A279A0C58}.Debug|Any CPU.Build.0 = Debug|Any CPU
		{ABFFE674-D1FD-4BE2-ACB5-795A279A0C58}.Release|Any CPU.ActiveCfg = Release|Any CPU
		{ABFFE674-D1FD-4BE2-ACB5-795A279A0C58}.Release|Any CPU.Build.0 = Release|Any CPU
	EndGlobalSection
	GlobalSection(SolutionProperties) = preSolution
		HideSolutionNode = FALSE
	EndGlobalSection
	GlobalSection(ExtensibilityGlobals) = postSolution
		SolutionGuid = {9AB962E0-5E23-4F45-8D45-30B44E1BDA97}
	EndGlobalSection
EndGlobal
