
Microsoft Visual Studio Solution File, Format Version 12.00
# Visual Studio Version 17
VisualStudioVersion = 17.1.32228.430
MinimumVisualStudioVersion = 10.0.40219.1
Project("{9A19103F-16F7-4668-BE54-9A1E7A4F7556}") = "01. Day of Week", "01. Day of Week\01. Day of Week.csproj", "{833F52E1-47FA-408E-B4CD-D6F72D8111DA}"
EndProject
Project("{9A19103F-16F7-4668-BE54-9A1E7A4F7556}") = "02. Print Numbers in Reverse Order", "02. Print Numbers in Reverse Order\02. Print Numbers in Reverse Order.csproj", "{F1D360F0-1A1A-4BAB-91E3-E0C179ACCC4C}"
EndProject
Project("{9A19103F-16F7-4668-BE54-9A1E7A4F7556}") = "03. Rounding Numbers", "03. Rounding Numbers\03. Rounding Numbers.csproj", "{CAF702E6-8311-4ACB-BA8A-9C01AA347E8E}"
EndProject
Project("{FAE04EC0-301F-11D3-BF4B-00C04F79EFBC}") = "04. Reverse Array of Strings", "04. Reverse Array of Strings\04. Reverse Array of Strings.csproj", "{83E10F42-5C1C-4911-BB2E-E637A72E5A0B}"
EndProject
Project("{FAE04EC0-301F-11D3-BF4B-00C04F79EFBC}") = "05. Sum Even Numbers", "05. Sum Even Numbers\05. Sum Even Numbers.csproj", "{CAC1A1D0-F08B-4975-9C3B-811981D314FF}"
EndProject
Project("{FAE04EC0-301F-11D3-BF4B-00C04F79EFBC}") = "06. Even and Odd Subtraction", "06. Even and Odd Subtraction\06. Even and Odd Subtraction.csproj", "{8EA3688D-3F60-4BA8-9C4E-D9C4B9989379}"
EndProject
Project("{FAE04EC0-301F-11D3-BF4B-00C04F79EFBC}") = "07. Equal Arrays", "07. Equal Arrays\07. Equal Arrays.csproj", "{318E8828-54BC-43B3-B1B5-04AF9B423AE8}"
EndProject
Global
	GlobalSection(SolutionConfigurationPlatforms) = preSolution
		Debug|Any CPU = Debug|Any CPU
		Release|Any CPU = Release|Any CPU
	EndGlobalSection
	GlobalSection(ProjectConfigurationPlatforms) = postSolution
		{833F52E1-47FA-408E-B4CD-D6F72D8111DA}.Debug|Any CPU.ActiveCfg = Debug|Any CPU
		{833F52E1-47FA-408E-B4CD-D6F72D8111DA}.Debug|Any CPU.Build.0 = Debug|Any CPU
		{833F52E1-47FA-408E-B4CD-D6F72D8111DA}.Release|Any CPU.ActiveCfg = Release|Any CPU
		{833F52E1-47FA-408E-B4CD-D6F72D8111DA}.Release|Any CPU.Build.0 = Release|Any CPU
		{F1D360F0-1A1A-4BAB-91E3-E0C179ACCC4C}.Debug|Any CPU.ActiveCfg = Debug|Any CPU
		{F1D360F0-1A1A-4BAB-91E3-E0C179ACCC4C}.Debug|Any CPU.Build.0 = Debug|Any CPU
		{F1D360F0-1A1A-4BAB-91E3-E0C179ACCC4C}.Release|Any CPU.ActiveCfg = Release|Any CPU
		{F1D360F0-1A1A-4BAB-91E3-E0C179ACCC4C}.Release|Any CPU.Build.0 = Release|Any CPU
		{CAF702E6-8311-4ACB-BA8A-9C01AA347E8E}.Debug|Any CPU.ActiveCfg = Debug|Any CPU
		{CAF702E6-8311-4ACB-BA8A-9C01AA347E8E}.Debug|Any CPU.Build.0 = Debug|Any CPU
		{CAF702E6-8311-4ACB-BA8A-9C01AA347E8E}.Release|Any CPU.ActiveCfg = Release|Any CPU
		{CAF702E6-8311-4ACB-BA8A-9C01AA347E8E}.Release|Any CPU.Build.0 = Release|Any CPU
		{83E10F42-5C1C-4911-BB2E-E637A72E5A0B}.Debug|Any CPU.ActiveCfg = Debug|Any CPU
		{83E10F42-5C1C-4911-BB2E-E637A72E5A0B}.Debug|Any CPU.Build.0 = Debug|Any CPU
		{83E10F42-5C1C-4911-BB2E-E637A72E5A0B}.Release|Any CPU.ActiveCfg = Release|Any CPU
		{83E10F42-5C1C-4911-BB2E-E637A72E5A0B}.Release|Any CPU.Build.0 = Release|Any CPU
		{CAC1A1D0-F08B-4975-9C3B-811981D314FF}.Debug|Any CPU.ActiveCfg = Debug|Any CPU
		{CAC1A1D0-F08B-4975-9C3B-811981D314FF}.Debug|Any CPU.Build.0 = Debug|Any CPU
		{CAC1A1D0-F08B-4975-9C3B-811981D314FF}.Release|Any CPU.ActiveCfg = Release|Any CPU
		{CAC1A1D0-F08B-4975-9C3B-811981D314FF}.Release|Any CPU.Build.0 = Release|Any CPU
		{8EA3688D-3F60-4BA8-9C4E-D9C4B9989379}.Debug|Any CPU.ActiveCfg = Debug|Any CPU
		{8EA3688D-3F60-4BA8-9C4E-D9C4B9989379}.Debug|Any CPU.Build.0 = Debug|Any CPU
		{8EA3688D-3F60-4BA8-9C4E-D9C4B9989379}.Release|Any CPU.ActiveCfg = Release|Any CPU
		{8EA3688D-3F60-4BA8-9C4E-D9C4B9989379}.Release|Any CPU.Build.0 = Release|Any CPU
		{318E8828-54BC-43B3-B1B5-04AF9B423AE8}.Debug|Any CPU.ActiveCfg = Debug|Any CPU
		{318E8828-54BC-43B3-B1B5-04AF9B423AE8}.Debug|Any CPU.Build.0 = Debug|Any CPU
		{318E8828-54BC-43B3-B1B5-04AF9B423AE8}.Release|Any CPU.ActiveCfg = Release|Any CPU
		{318E8828-54BC-43B3-B1B5-04AF9B423AE8}.Release|Any CPU.Build.0 = Release|Any CPU
	EndGlobalSection
	GlobalSection(SolutionProperties) = preSolution
		HideSolutionNode = FALSE
	EndGlobalSection
	GlobalSection(ExtensibilityGlobals) = postSolution
		SolutionGuid = {98C82D63-724F-40F1-ADF3-53BEC214FC86}
	EndGlobalSection
EndGlobal
