
Microsoft Visual Studio Solution File, Format Version 12.00
# Visual Studio Version 17
VisualStudioVersion = 17.1.32228.430
MinimumVisualStudioVersion = 10.0.40219.1
Project("{FAE04EC0-301F-11D3-BF4B-00C04F79EFBC}") = "01. Day of Week", "01. Day of Week\01. Day of Week.csproj", "{833F52E1-47FA-408E-B4CD-D6F72D8111DA}"
EndProject
Project("{FAE04EC0-301F-11D3-BF4B-00C04F79EFBC}") = "02. Print Numbers in Reverse Order", "02. Print Numbers in Reverse Order\02. Print Numbers in Reverse Order.csproj", "{F1D360F0-1A1A-4BAB-91E3-E0C179ACCC4C}"
EndProject
Project("{FAE04EC0-301F-11D3-BF4B-00C04F79EFBC}") = "03. Rounding Numbers", "03. Rounding Numbers\03. Rounding Numbers.csproj", "{CAF702E6-8311-4ACB-BA8A-9C01AA347E8E}"
EndProject
Global
	GlobalSection(SolutionConfigurationPlatforms) = preSolution
		Debug|Any CPU = Debug|Any CPU
		Release|Any CPU = Release|Any CPU
	EndGlobalSection
	GlobalSection(ProjectConfigurationPlatforms) = postSolution
		{833F52E1-47FA-408E-B4CD-D6F72D8111DA}.Debug|Any CPU.ActiveCfg = Debug|Any CPU
		{833F52E1-47FA-408E-B4CD-D6F72D8111DA}.Debug|Any CPU.Build.0 = Debug|Any CPU
		{833F52E1-47FA-408E-B4CD-D6F72D8111DA}.Release|Any CPU.ActiveCfg = Release|Any CPU
		{833F52E1-47FA-408E-B4CD-D6F72D8111DA}.Release|Any CPU.Build.0 = Release|Any CPU
		{F1D360F0-1A1A-4BAB-91E3-E0C179ACCC4C}.Debug|Any CPU.ActiveCfg = Debug|Any CPU
		{F1D360F0-1A1A-4BAB-91E3-E0C179ACCC4C}.Debug|Any CPU.Build.0 = Debug|Any CPU
		{F1D360F0-1A1A-4BAB-91E3-E0C179ACCC4C}.Release|Any CPU.ActiveCfg = Release|Any CPU
		{F1D360F0-1A1A-4BAB-91E3-E0C179ACCC4C}.Release|Any CPU.Build.0 = Release|Any CPU
		{CAF702E6-8311-4ACB-BA8A-9C01AA347E8E}.Debug|Any CPU.ActiveCfg = Debug|Any CPU
		{CAF702E6-8311-4ACB-BA8A-9C01AA347E8E}.Debug|Any CPU.Build.0 = Debug|Any CPU
		{CAF702E6-8311-4ACB-BA8A-9C01AA347E8E}.Release|Any CPU.ActiveCfg = Release|Any CPU
		{CAF702E6-8311-4ACB-BA8A-9C01AA347E8E}.Release|Any CPU.Build.0 = Release|Any CPU
	EndGlobalSection
	GlobalSection(SolutionProperties) = preSolution
		HideSolutionNode = FALSE
	EndGlobalSection
	GlobalSection(ExtensibilityGlobals) = postSolution
		SolutionGuid = {98C82D63-724F-40F1-ADF3-53BEC214FC86}
	EndGlobalSection
EndGlobal
