
Microsoft Visual Studio Solution File, Format Version 12.00
# Visual Studio Version 17
VisualStudioVersion = 17.6.33801.468
MinimumVisualStudioVersion = 10.0.40219.1
Project("{FAE04EC0-301F-11D3-BF4B-00C04F79EFBC}") = "01.BinarySearch", "01.BinarySearch\01.BinarySearch.csproj", "{7DE56404-A4DF-4118-A12C-B52BF9005312}"
EndProject
Project("{FAE04EC0-301F-11D3-BF4B-00C04F79EFBC}") = "02.SelectionSort", "02.SelectionSort\02.SelectionSort.csproj", "{EFE65DD4-4BE6-44FD-9FB2-BDEB57C302A6}"
EndProject
Project("{FAE04EC0-301F-11D3-BF4B-00C04F79EFBC}") = "03.BubbleSort", "03.BubbleSort\03.BubbleSort.csproj", "{C6820C4D-8958-4019-A99A-5B458D469DA5}"
EndProject
Project("{FAE04EC0-301F-11D3-BF4B-00C04F79EFBC}") = "04.InsertionSort", "04.InsertionSort\04.InsertionSort.csproj", "{72712443-29D5-4C9D-9C18-4A953A2E419D}"
EndProject
Project("{FAE04EC0-301F-11D3-BF4B-00C04F79EFBC}") = "05.Quicksort", "05.Quicksort\05.Quicksort.csproj", "{C5E88406-AD3C-42FD-B468-98C8384DABB7}"
EndProject
Global
	GlobalSection(SolutionConfigurationPlatforms) = preSolution
		Debug|Any CPU = Debug|Any CPU
		Release|Any CPU = Release|Any CPU
	EndGlobalSection
	GlobalSection(ProjectConfigurationPlatforms) = postSolution
		{7DE56404-A4DF-4118-A12C-B52BF9005312}.Debug|Any CPU.ActiveCfg = Debug|Any CPU
		{7DE56404-A4DF-4118-A12C-B52BF9005312}.Debug|Any CPU.Build.0 = Debug|Any CPU
		{7DE56404-A4DF-4118-A12C-B52BF9005312}.Release|Any CPU.ActiveCfg = Release|Any CPU
		{7DE56404-A4DF-4118-A12C-B52BF9005312}.Release|Any CPU.Build.0 = Release|Any CPU
		{EFE65DD4-4BE6-44FD-9FB2-BDEB57C302A6}.Debug|Any CPU.ActiveCfg = Debug|Any CPU
		{EFE65DD4-4BE6-44FD-9FB2-BDEB57C302A6}.Debug|Any CPU.Build.0 = Debug|Any CPU
		{EFE65DD4-4BE6-44FD-9FB2-BDEB57C302A6}.Release|Any CPU.ActiveCfg = Release|Any CPU
		{EFE65DD4-4BE6-44FD-9FB2-BDEB57C302A6}.Release|Any CPU.Build.0 = Release|Any CPU
		{C6820C4D-8958-4019-A99A-5B458D469DA5}.Debug|Any CPU.ActiveCfg = Debug|Any CPU
		{C6820C4D-8958-4019-A99A-5B458D469DA5}.Debug|Any CPU.Build.0 = Debug|Any CPU
		{C6820C4D-8958-4019-A99A-5B458D469DA5}.Release|Any CPU.ActiveCfg = Release|Any CPU
		{C6820C4D-8958-4019-A99A-5B458D469DA5}.Release|Any CPU.Build.0 = Release|Any CPU
		{72712443-29D5-4C9D-9C18-4A953A2E419D}.Debug|Any CPU.ActiveCfg = Debug|Any CPU
		{72712443-29D5-4C9D-9C18-4A953A2E419D}.Debug|Any CPU.Build.0 = Debug|Any CPU
		{72712443-29D5-4C9D-9C18-4A953A2E419D}.Release|Any CPU.ActiveCfg = Release|Any CPU
		{72712443-29D5-4C9D-9C18-4A953A2E419D}.Release|Any CPU.Build.0 = Release|Any CPU
		{C5E88406-AD3C-42FD-B468-98C8384DABB7}.Debug|Any CPU.ActiveCfg = Debug|Any CPU
		{C5E88406-AD3C-42FD-B468-98C8384DABB7}.Debug|Any CPU.Build.0 = Debug|Any CPU
		{C5E88406-AD3C-42FD-B468-98C8384DABB7}.Release|Any CPU.ActiveCfg = Release|Any CPU
		{C5E88406-AD3C-42FD-B468-98C8384DABB7}.Release|Any CPU.Build.0 = Release|Any CPU
	EndGlobalSection
	GlobalSection(SolutionProperties) = preSolution
		HideSolutionNode = FALSE
	EndGlobalSection
	GlobalSection(ExtensibilityGlobals) = postSolution
		SolutionGuid = {48F1AF82-D341-4ECE-A2B7-77BEEBF18A53}
	EndGlobalSection
EndGlobal
