
Microsoft Visual Studio Solution File, Format Version 12.00
# Visual Studio Version 17
VisualStudioVersion = 17.3.32922.545
MinimumVisualStudioVersion = 10.0.40219.1
Project("{9A19103F-16F7-4668-BE54-9A1E7A4F7556}") = "01. Basic Stack Operations", "01. Basic Stack Operations\01. Basic Stack Operations.csproj", "{7EC27830-4C14-4555-AA80-20A110A25D5B}"
EndProject
Project("{9A19103F-16F7-4668-BE54-9A1E7A4F7556}") = "02. Basic Queue Operations", "02. Basic Queue Operations\02. Basic Queue Operations.csproj", "{7AAB1985-09B7-494B-9A21-96A6866A2654}"
EndProject
Project("{FAE04EC0-301F-11D3-BF4B-00C04F79EFBC}") = "03. Maximum and Minimum Element", "03. Maximum and Minimum Element\03. Maximum and Minimum Element.csproj", "{343BC196-F3DB-405A-A609-EACE64A97A5A}"
EndProject
Project("{FAE04EC0-301F-11D3-BF4B-00C04F79EFBC}") = "04. Fast Food", "04. Fast Food\04. Fast Food.csproj", "{D67267CE-485D-4BC1-8FDE-BBBD31CCC2DE}"
EndProject
Project("{FAE04EC0-301F-11D3-BF4B-00C04F79EFBC}") = "05. Fashion Boutique", "05. Fashion Boutique\05. Fashion Boutique.csproj", "{49FBE06A-C225-4F08-9062-207AF2B07C7D}"
EndProject
Project("{FAE04EC0-301F-11D3-BF4B-00C04F79EFBC}") = "06. Songs Queue", "06. Songs Queue\06. Songs Queue.csproj", "{89B3A09B-A64C-41B1-8D1C-1E69EF6B00DF}"
EndProject
Project("{FAE04EC0-301F-11D3-BF4B-00C04F79EFBC}") = "07. Truck Tour", "07. Truck Tour\07. Truck Tour.csproj", "{9DBAC397-4A27-4A26-B4C7-1EBB2EB9D750}"
EndProject
Project("{FAE04EC0-301F-11D3-BF4B-00C04F79EFBC}") = "08. Balanced Parenthesis", "08. Balanced Parenthesis\08. Balanced Parenthesis.csproj", "{A3C1507D-8D54-47BC-A12F-9CC4A93B8047}"
EndProject
Project("{FAE04EC0-301F-11D3-BF4B-00C04F79EFBC}") = "09. Simple Text Editor", "09. Simple Text Editor\09. Simple Text Editor.csproj", "{0ADA9DB9-1ECC-484C-B4D8-B0382A798AC8}"
EndProject
Global
	GlobalSection(SolutionConfigurationPlatforms) = preSolution
		Debug|Any CPU = Debug|Any CPU
		Release|Any CPU = Release|Any CPU
	EndGlobalSection
	GlobalSection(ProjectConfigurationPlatforms) = postSolution
		{7EC27830-4C14-4555-AA80-20A110A25D5B}.Debug|Any CPU.ActiveCfg = Debug|Any CPU
		{7EC27830-4C14-4555-AA80-20A110A25D5B}.Debug|Any CPU.Build.0 = Debug|Any CPU
		{7EC27830-4C14-4555-AA80-20A110A25D5B}.Release|Any CPU.ActiveCfg = Release|Any CPU
		{7EC27830-4C14-4555-AA80-20A110A25D5B}.Release|Any CPU.Build.0 = Release|Any CPU
		{7AAB1985-09B7-494B-9A21-96A6866A2654}.Debug|Any CPU.ActiveCfg = Debug|Any CPU
		{7AAB1985-09B7-494B-9A21-96A6866A2654}.Debug|Any CPU.Build.0 = Debug|Any CPU
		{7AAB1985-09B7-494B-9A21-96A6866A2654}.Release|Any CPU.ActiveCfg = Release|Any CPU
		{7AAB1985-09B7-494B-9A21-96A6866A2654}.Release|Any CPU.Build.0 = Release|Any CPU
		{343BC196-F3DB-405A-A609-EACE64A97A5A}.Debug|Any CPU.ActiveCfg = Debug|Any CPU
		{343BC196-F3DB-405A-A609-EACE64A97A5A}.Debug|Any CPU.Build.0 = Debug|Any CPU
		{343BC196-F3DB-405A-A609-EACE64A97A5A}.Release|Any CPU.ActiveCfg = Release|Any CPU
		{343BC196-F3DB-405A-A609-EACE64A97A5A}.Release|Any CPU.Build.0 = Release|Any CPU
		{D67267CE-485D-4BC1-8FDE-BBBD31CCC2DE}.Debug|Any CPU.ActiveCfg = Debug|Any CPU
		{D67267CE-485D-4BC1-8FDE-BBBD31CCC2DE}.Debug|Any CPU.Build.0 = Debug|Any CPU
		{D67267CE-485D-4BC1-8FDE-BBBD31CCC2DE}.Release|Any CPU.ActiveCfg = Release|Any CPU
		{D67267CE-485D-4BC1-8FDE-BBBD31CCC2DE}.Release|Any CPU.Build.0 = Release|Any CPU
		{49FBE06A-C225-4F08-9062-207AF2B07C7D}.Debug|Any CPU.ActiveCfg = Debug|Any CPU
		{49FBE06A-C225-4F08-9062-207AF2B07C7D}.Debug|Any CPU.Build.0 = Debug|Any CPU
		{49FBE06A-C225-4F08-9062-207AF2B07C7D}.Release|Any CPU.ActiveCfg = Release|Any CPU
		{49FBE06A-C225-4F08-9062-207AF2B07C7D}.Release|Any CPU.Build.0 = Release|Any CPU
		{89B3A09B-A64C-41B1-8D1C-1E69EF6B00DF}.Debug|Any CPU.ActiveCfg = Debug|Any CPU
		{89B3A09B-A64C-41B1-8D1C-1E69EF6B00DF}.Debug|Any CPU.Build.0 = Debug|Any CPU
		{89B3A09B-A64C-41B1-8D1C-1E69EF6B00DF}.Release|Any CPU.ActiveCfg = Release|Any CPU
		{89B3A09B-A64C-41B1-8D1C-1E69EF6B00DF}.Release|Any CPU.Build.0 = Release|Any CPU
		{9DBAC397-4A27-4A26-B4C7-1EBB2EB9D750}.Debug|Any CPU.ActiveCfg = Debug|Any CPU
		{9DBAC397-4A27-4A26-B4C7-1EBB2EB9D750}.Debug|Any CPU.Build.0 = Debug|Any CPU
		{9DBAC397-4A27-4A26-B4C7-1EBB2EB9D750}.Release|Any CPU.ActiveCfg = Release|Any CPU
		{9DBAC397-4A27-4A26-B4C7-1EBB2EB9D750}.Release|Any CPU.Build.0 = Release|Any CPU
		{A3C1507D-8D54-47BC-A12F-9CC4A93B8047}.Debug|Any CPU.ActiveCfg = Debug|Any CPU
		{A3C1507D-8D54-47BC-A12F-9CC4A93B8047}.Debug|Any CPU.Build.0 = Debug|Any CPU
		{A3C1507D-8D54-47BC-A12F-9CC4A93B8047}.Release|Any CPU.ActiveCfg = Release|Any CPU
		{A3C1507D-8D54-47BC-A12F-9CC4A93B8047}.Release|Any CPU.Build.0 = Release|Any CPU
		{0ADA9DB9-1ECC-484C-B4D8-B0382A798AC8}.Debug|Any CPU.ActiveCfg = Debug|Any CPU
		{0ADA9DB9-1ECC-484C-B4D8-B0382A798AC8}.Debug|Any CPU.Build.0 = Debug|Any CPU
		{0ADA9DB9-1ECC-484C-B4D8-B0382A798AC8}.Release|Any CPU.ActiveCfg = Release|Any CPU
		{0ADA9DB9-1ECC-484C-B4D8-B0382A798AC8}.Release|Any CPU.Build.0 = Release|Any CPU
	EndGlobalSection
	GlobalSection(SolutionProperties) = preSolution
		HideSolutionNode = FALSE
	EndGlobalSection
	GlobalSection(ExtensibilityGlobals) = postSolution
		SolutionGuid = {6C22B1B6-E1DD-4567-BE10-7A1AF0432BE9}
	EndGlobalSection
EndGlobal
