
Microsoft Visual Studio Solution File, Format Version 12.00
# Visual Studio Version 17
VisualStudioVersion = 17.1.32228.430
MinimumVisualStudioVersion = 10.0.40219.1
Project("{9A19103F-16F7-4668-BE54-9A1E7A4F7556}") = "01. Randomize Words", "01. Randomize Words\01. Randomize Words.csproj", "{14EC3D17-160F-427A-8FB0-BD1CD09A1BBE}"
EndProject
Project("{9A19103F-16F7-4668-BE54-9A1E7A4F7556}") = "02. Big Factorial", "02. Big Factorial\02. Big Factorial.csproj", "{5222A5BC-508A-4665-8C6F-0276B9EC167B}"
EndProject
Project("{9A19103F-16F7-4668-BE54-9A1E7A4F7556}") = "03. Songs", "03. Songs\03. Songs.csproj", "{244B28A6-C558-4B2A-93CD-821323A04F48}"
EndProject
Project("{9A19103F-16F7-4668-BE54-9A1E7A4F7556}") = "04. Students", "04. Students\04. Students.csproj", "{7452A120-B0B2-46EC-B523-4DE8D3CB1715}"
EndProject
Project("{9A19103F-16F7-4668-BE54-9A1E7A4F7556}") = "05. Students 2.0", "05. Students 2.0\05. Students 2.0.csproj", "{ACB5120F-AEFE-42BB-850A-8A4EA40A6153}"
EndProject
Project("{9A19103F-16F7-4668-BE54-9A1E7A4F7556}") = "06. Store Boxes", "06. Store Boxes\06. Store Boxes.csproj", "{35A1A2E3-8F64-47AD-B5CC-78939AC21DA4}"
EndProject
Project("{FAE04EC0-301F-11D3-BF4B-00C04F79EFBC}") = "07. Vehicle Catalogue", "07. Vehicle Catalogue\07. Vehicle Catalogue.csproj", "{F2893AB8-2EBF-41F2-BB4C-D0478207179E}"
EndProject
Global
	GlobalSection(SolutionConfigurationPlatforms) = preSolution
		Debug|Any CPU = Debug|Any CPU
		Release|Any CPU = Release|Any CPU
	EndGlobalSection
	GlobalSection(ProjectConfigurationPlatforms) = postSolution
		{14EC3D17-160F-427A-8FB0-BD1CD09A1BBE}.Debug|Any CPU.ActiveCfg = Debug|Any CPU
		{14EC3D17-160F-427A-8FB0-BD1CD09A1BBE}.Debug|Any CPU.Build.0 = Debug|Any CPU
		{14EC3D17-160F-427A-8FB0-BD1CD09A1BBE}.Release|Any CPU.ActiveCfg = Release|Any CPU
		{14EC3D17-160F-427A-8FB0-BD1CD09A1BBE}.Release|Any CPU.Build.0 = Release|Any CPU
		{5222A5BC-508A-4665-8C6F-0276B9EC167B}.Debug|Any CPU.ActiveCfg = Debug|Any CPU
		{5222A5BC-508A-4665-8C6F-0276B9EC167B}.Debug|Any CPU.Build.0 = Debug|Any CPU
		{5222A5BC-508A-4665-8C6F-0276B9EC167B}.Release|Any CPU.ActiveCfg = Release|Any CPU
		{5222A5BC-508A-4665-8C6F-0276B9EC167B}.Release|Any CPU.Build.0 = Release|Any CPU
		{244B28A6-C558-4B2A-93CD-821323A04F48}.Debug|Any CPU.ActiveCfg = Debug|Any CPU
		{244B28A6-C558-4B2A-93CD-821323A04F48}.Debug|Any CPU.Build.0 = Debug|Any CPU
		{244B28A6-C558-4B2A-93CD-821323A04F48}.Release|Any CPU.ActiveCfg = Release|Any CPU
		{244B28A6-C558-4B2A-93CD-821323A04F48}.Release|Any CPU.Build.0 = Release|Any CPU
		{7452A120-B0B2-46EC-B523-4DE8D3CB1715}.Debug|Any CPU.ActiveCfg = Debug|Any CPU
		{7452A120-B0B2-46EC-B523-4DE8D3CB1715}.Debug|Any CPU.Build.0 = Debug|Any CPU
		{7452A120-B0B2-46EC-B523-4DE8D3CB1715}.Release|Any CPU.ActiveCfg = Release|Any CPU
		{7452A120-B0B2-46EC-B523-4DE8D3CB1715}.Release|Any CPU.Build.0 = Release|Any CPU
		{ACB5120F-AEFE-42BB-850A-8A4EA40A6153}.Debug|Any CPU.ActiveCfg = Debug|Any CPU
		{ACB5120F-AEFE-42BB-850A-8A4EA40A6153}.Debug|Any CPU.Build.0 = Debug|Any CPU
		{ACB5120F-AEFE-42BB-850A-8A4EA40A6153}.Release|Any CPU.ActiveCfg = Release|Any CPU
		{ACB5120F-AEFE-42BB-850A-8A4EA40A6153}.Release|Any CPU.Build.0 = Release|Any CPU
		{35A1A2E3-8F64-47AD-B5CC-78939AC21DA4}.Debug|Any CPU.ActiveCfg = Debug|Any CPU
		{35A1A2E3-8F64-47AD-B5CC-78939AC21DA4}.Debug|Any CPU.Build.0 = Debug|Any CPU
		{35A1A2E3-8F64-47AD-B5CC-78939AC21DA4}.Release|Any CPU.ActiveCfg = Release|Any CPU
		{35A1A2E3-8F64-47AD-B5CC-78939AC21DA4}.Release|Any CPU.Build.0 = Release|Any CPU
		{F2893AB8-2EBF-41F2-BB4C-D0478207179E}.Debug|Any CPU.ActiveCfg = Debug|Any CPU
		{F2893AB8-2EBF-41F2-BB4C-D0478207179E}.Debug|Any CPU.Build.0 = Debug|Any CPU
		{F2893AB8-2EBF-41F2-BB4C-D0478207179E}.Release|Any CPU.ActiveCfg = Release|Any CPU
		{F2893AB8-2EBF-41F2-BB4C-D0478207179E}.Release|Any CPU.Build.0 = Release|Any CPU
	EndGlobalSection
	GlobalSection(SolutionProperties) = preSolution
		HideSolutionNode = FALSE
	EndGlobalSection
	GlobalSection(ExtensibilityGlobals) = postSolution
		SolutionGuid = {15F4870D-BA4B-4426-90ED-1E112A9FB5D9}
	EndGlobalSection
EndGlobal
