
Microsoft Visual Studio Solution File, Format Version 12.00
# Visual Studio Version 17
VisualStudioVersion = 17.3.32922.545
MinimumVisualStudioVersion = 10.0.40219.1
Project("{FAE04EC0-301F-11D3-BF4B-00C04F79EFBC}") = "01.EnergyDrinks", "01.EnergyDrinks\01.EnergyDrinks.csproj", "{22AAACCD-3895-4885-B883-D38B5C7618D8}"
EndProject
Project("{FAE04EC0-301F-11D3-BF4B-00C04F79EFBC}") = "02.RallyRacing", "02.RallyRacing\02.RallyRacing.csproj", "{768EEC02-4BE1-4D93-A850-FA7D565474A6}"
EndProject
Project("{9A19103F-16F7-4668-BE54-9A1E7A4F7556}") = "ComputerArchitecture", "03.ComputerArchitecture\ComputerArchitecture.csproj", "{D4489131-9545-4D9C-851F-2653A0A78A69}"
EndProject
Global
	GlobalSection(SolutionConfigurationPlatforms) = preSolution
		Debug|Any CPU = Debug|Any CPU
		Release|Any CPU = Release|Any CPU
	EndGlobalSection
	GlobalSection(ProjectConfigurationPlatforms) = postSolution
		{22AAACCD-3895-4885-B883-D38B5C7618D8}.Debug|Any CPU.ActiveCfg = Debug|Any CPU
		{22AAACCD-3895-4885-B883-D38B5C7618D8}.Debug|Any CPU.Build.0 = Debug|Any CPU
		{22AAACCD-3895-4885-B883-D38B5C7618D8}.Release|Any CPU.ActiveCfg = Release|Any CPU
		{22AAACCD-3895-4885-B883-D38B5C7618D8}.Release|Any CPU.Build.0 = Release|Any CPU
		{768EEC02-4BE1-4D93-A850-FA7D565474A6}.Debug|Any CPU.ActiveCfg = Debug|Any CPU
		{768EEC02-4BE1-4D93-A850-FA7D565474A6}.Debug|Any CPU.Build.0 = Debug|Any CPU
		{768EEC02-4BE1-4D93-A850-FA7D565474A6}.Release|Any CPU.ActiveCfg = Release|Any CPU
		{768EEC02-4BE1-4D93-A850-FA7D565474A6}.Release|Any CPU.Build.0 = Release|Any CPU
		{D4489131-9545-4D9C-851F-2653A0A78A69}.Debug|Any CPU.ActiveCfg = Debug|Any CPU
		{D4489131-9545-4D9C-851F-2653A0A78A69}.Debug|Any CPU.Build.0 = Debug|Any CPU
		{D4489131-9545-4D9C-851F-2653A0A78A69}.Release|Any CPU.ActiveCfg = Release|Any CPU
		{D4489131-9545-4D9C-851F-2653A0A78A69}.Release|Any CPU.Build.0 = Release|Any CPU
	EndGlobalSection
	GlobalSection(SolutionProperties) = preSolution
		HideSolutionNode = FALSE
	EndGlobalSection
	GlobalSection(ExtensibilityGlobals) = postSolution
		SolutionGuid = {C4FBCFCE-78D0-4146-B717-2870BAA96816}
	EndGlobalSection
EndGlobal
