
Microsoft Visual Studio Solution File, Format Version 12.00
# Visual Studio Version 17
VisualStudioVersion = 17.4.33213.308
MinimumVisualStudioVersion = 10.0.40219.1
Project("{FAE04EC0-301F-11D3-BF4B-00C04F79EFBC}") = "P01_StudentSystem", "P01_StudentSystem\P01_StudentSystem.csproj", "{31DB0AE4-47A8-44B5-9F5F-777B4AA92C82}"
EndProject
Global
	GlobalSection(SolutionConfigurationPlatforms) = preSolution
		Debug|Any CPU = Debug|Any CPU
		Release|Any CPU = Release|Any CPU
	EndGlobalSection
	GlobalSection(ProjectConfigurationPlatforms) = postSolution
		{31DB0AE4-47A8-44B5-9F5F-777B4AA92C82}.Debug|Any CPU.ActiveCfg = Debug|Any CPU
		{31DB0AE4-47A8-44B5-9F5F-777B4AA92C82}.Debug|Any CPU.Build.0 = Debug|Any CPU
		{31DB0AE4-47A8-44B5-9F5F-777B4AA92C82}.Release|Any CPU.ActiveCfg = Release|Any CPU
		{31DB0AE4-47A8-44B5-9F5F-777B4AA92C82}.Release|Any CPU.Build.0 = Release|Any CPU
	EndGlobalSection
	GlobalSection(SolutionProperties) = preSolution
		HideSolutionNode = FALSE
	EndGlobalSection
	GlobalSection(ExtensibilityGlobals) = postSolution
		SolutionGuid = {72EE6C3E-A62C-431E-BCF5-818CE88E5093}
	EndGlobalSection
EndGlobal
