
Microsoft Visual Studio Solution File, Format Version 12.00
# Visual Studio Version 17
VisualStudioVersion = 17.1.32228.430
MinimumVisualStudioVersion = 10.0.40219.1
Project("{9A19103F-16F7-4668-BE54-9A1E7A4F7556}") = "01. Unique Usernames", "01. Unique Usernames\01. Unique Usernames.csproj", "{C419A9B7-8E11-4468-9760-10E0450F5C5C}"
EndProject
Project("{9A19103F-16F7-4668-BE54-9A1E7A4F7556}") = "02. Sets of Elements", "02. Sets of Elements\02. Sets of Elements.csproj", "{16D5DF2F-AB22-40EE-9FB7-04F93307B996}"
EndProject
Project("{9A19103F-16F7-4668-BE54-9A1E7A4F7556}") = "03. Periodic Table", "03. Periodic Table\03. Periodic Table.csproj", "{E3B416A0-4F80-4E8C-9548-A8E05570012E}"
EndProject
Project("{9A19103F-16F7-4668-BE54-9A1E7A4F7556}") = "04. Even Times", "04. Even Times\04. Even Times.csproj", "{E89DA6F7-105D-47C0-A306-1D0FABC1B925}"
EndProject
Project("{9A19103F-16F7-4668-BE54-9A1E7A4F7556}") = "05. Count Symbols", "05. Count Symbols\05. Count Symbols.csproj", "{CB68D4B5-E227-41C6-9140-A9B80C569767}"
EndProject
Project("{9A19103F-16F7-4668-BE54-9A1E7A4F7556}") = "06. Wardrobe", "06. Wardrobe\06. Wardrobe.csproj", "{FEF97764-E74E-4590-81A5-377F0A033F21}"
EndProject
Project("{9A19103F-16F7-4668-BE54-9A1E7A4F7556}") = "07. The V-Logger", "07. The V-Logger\07. The V-Logger.csproj", "{B47030B1-CB92-49FD-AC54-51C80BAA5FBE}"
EndProject
Project("{FAE04EC0-301F-11D3-BF4B-00C04F79EFBC}") = "08. Ranking", "08. Ranking\08. Ranking.csproj", "{B68F0531-075A-46F3-82AF-059538B18B62}"
EndProject
Project("{FAE04EC0-301F-11D3-BF4B-00C04F79EFBC}") = "09. SoftUni Exam Results", "09. SoftUni Exam Results\09. SoftUni Exam Results.csproj", "{ED46255D-3C64-4BAC-987B-7496178161CC}"
EndProject
Global
	GlobalSection(SolutionConfigurationPlatforms) = preSolution
		Debug|Any CPU = Debug|Any CPU
		Release|Any CPU = Release|Any CPU
	EndGlobalSection
	GlobalSection(ProjectConfigurationPlatforms) = postSolution
		{C419A9B7-8E11-4468-9760-10E0450F5C5C}.Debug|Any CPU.ActiveCfg = Debug|Any CPU
		{C419A9B7-8E11-4468-9760-10E0450F5C5C}.Debug|Any CPU.Build.0 = Debug|Any CPU
		{C419A9B7-8E11-4468-9760-10E0450F5C5C}.Release|Any CPU.ActiveCfg = Release|Any CPU
		{C419A9B7-8E11-4468-9760-10E0450F5C5C}.Release|Any CPU.Build.0 = Release|Any CPU
		{16D5DF2F-AB22-40EE-9FB7-04F93307B996}.Debug|Any CPU.ActiveCfg = Debug|Any CPU
		{16D5DF2F-AB22-40EE-9FB7-04F93307B996}.Debug|Any CPU.Build.0 = Debug|Any CPU
		{16D5DF2F-AB22-40EE-9FB7-04F93307B996}.Release|Any CPU.ActiveCfg = Release|Any CPU
		{16D5DF2F-AB22-40EE-9FB7-04F93307B996}.Release|Any CPU.Build.0 = Release|Any CPU
		{E3B416A0-4F80-4E8C-9548-A8E05570012E}.Debug|Any CPU.ActiveCfg = Debug|Any CPU
		{E3B416A0-4F80-4E8C-9548-A8E05570012E}.Debug|Any CPU.Build.0 = Debug|Any CPU
		{E3B416A0-4F80-4E8C-9548-A8E05570012E}.Release|Any CPU.ActiveCfg = Release|Any CPU
		{E3B416A0-4F80-4E8C-9548-A8E05570012E}.Release|Any CPU.Build.0 = Release|Any CPU
		{E89DA6F7-105D-47C0-A306-1D0FABC1B925}.Debug|Any CPU.ActiveCfg = Debug|Any CPU
		{E89DA6F7-105D-47C0-A306-1D0FABC1B925}.Debug|Any CPU.Build.0 = Debug|Any CPU
		{E89DA6F7-105D-47C0-A306-1D0FABC1B925}.Release|Any CPU.ActiveCfg = Release|Any CPU
		{E89DA6F7-105D-47C0-A306-1D0FABC1B925}.Release|Any CPU.Build.0 = Release|Any CPU
		{CB68D4B5-E227-41C6-9140-A9B80C569767}.Debug|Any CPU.ActiveCfg = Debug|Any CPU
		{CB68D4B5-E227-41C6-9140-A9B80C569767}.Debug|Any CPU.Build.0 = Debug|Any CPU
		{CB68D4B5-E227-41C6-9140-A9B80C569767}.Release|Any CPU.ActiveCfg = Release|Any CPU
		{CB68D4B5-E227-41C6-9140-A9B80C569767}.Release|Any CPU.Build.0 = Release|Any CPU
		{FEF97764-E74E-4590-81A5-377F0A033F21}.Debug|Any CPU.ActiveCfg = Debug|Any CPU
		{FEF97764-E74E-4590-81A5-377F0A033F21}.Debug|Any CPU.Build.0 = Debug|Any CPU
		{FEF97764-E74E-4590-81A5-377F0A033F21}.Release|Any CPU.ActiveCfg = Release|Any CPU
		{FEF97764-E74E-4590-81A5-377F0A033F21}.Release|Any CPU.Build.0 = Release|Any CPU
		{B47030B1-CB92-49FD-AC54-51C80BAA5FBE}.Debug|Any CPU.ActiveCfg = Debug|Any CPU
		{B47030B1-CB92-49FD-AC54-51C80BAA5FBE}.Debug|Any CPU.Build.0 = Debug|Any CPU
		{B47030B1-CB92-49FD-AC54-51C80BAA5FBE}.Release|Any CPU.ActiveCfg = Release|Any CPU
		{B47030B1-CB92-49FD-AC54-51C80BAA5FBE}.Release|Any CPU.Build.0 = Release|Any CPU
		{B68F0531-075A-46F3-82AF-059538B18B62}.Debug|Any CPU.ActiveCfg = Debug|Any CPU
		{B68F0531-075A-46F3-82AF-059538B18B62}.Debug|Any CPU.Build.0 = Debug|Any CPU
		{B68F0531-075A-46F3-82AF-059538B18B62}.Release|Any CPU.ActiveCfg = Release|Any CPU
		{B68F0531-075A-46F3-82AF-059538B18B62}.Release|Any CPU.Build.0 = Release|Any CPU
		{ED46255D-3C64-4BAC-987B-7496178161CC}.Debug|Any CPU.ActiveCfg = Debug|Any CPU
		{ED46255D-3C64-4BAC-987B-7496178161CC}.Debug|Any CPU.Build.0 = Debug|Any CPU
		{ED46255D-3C64-4BAC-987B-7496178161CC}.Release|Any CPU.ActiveCfg = Release|Any CPU
		{ED46255D-3C64-4BAC-987B-7496178161CC}.Release|Any CPU.Build.0 = Release|Any CPU
	EndGlobalSection
	GlobalSection(SolutionProperties) = preSolution
		HideSolutionNode = FALSE
	EndGlobalSection
	GlobalSection(ExtensibilityGlobals) = postSolution
		SolutionGuid = {17250825-6572-458B-9301-E1926A4C3442}
	EndGlobalSection
EndGlobal
