
Microsoft Visual Studio Solution File, Format Version 12.00
# Visual Studio Version 17
VisualStudioVersion = 17.1.32228.430
MinimumVisualStudioVersion = 10.0.40219.1
Project("{9A19103F-16F7-4668-BE54-9A1E7A4F7556}") = "01. Hogwarts", "01. Hogwarts\01. Hogwarts.csproj", "{BE17D735-50D8-4548-AFAA-9B867089EA85}"
EndProject
Project("{FAE04EC0-301F-11D3-BF4B-00C04F79EFBC}") = "02. Easter Eggs", "02. Easter Eggs\02. Easter Eggs.csproj", "{2448389B-0BFA-4410-AA1F-CA9251189824}"
EndProject
Project("{FAE04EC0-301F-11D3-BF4B-00C04F79EFBC}") = "03. Followers", "03. Followers\03. Followers.csproj", "{F3F09743-E044-4109-813C-12151880B1FC}"
EndProject
Global
	GlobalSection(SolutionConfigurationPlatforms) = preSolution
		Debug|Any CPU = Debug|Any CPU
		Release|Any CPU = Release|Any CPU
	EndGlobalSection
	GlobalSection(ProjectConfigurationPlatforms) = postSolution
		{BE17D735-50D8-4548-AFAA-9B867089EA85}.Debug|Any CPU.ActiveCfg = Debug|Any CPU
		{BE17D735-50D8-4548-AFAA-9B867089EA85}.Debug|Any CPU.Build.0 = Debug|Any CPU
		{BE17D735-50D8-4548-AFAA-9B867089EA85}.Release|Any CPU.ActiveCfg = Release|Any CPU
		{BE17D735-50D8-4548-AFAA-9B867089EA85}.Release|Any CPU.Build.0 = Release|Any CPU
		{2448389B-0BFA-4410-AA1F-CA9251189824}.Debug|Any CPU.ActiveCfg = Debug|Any CPU
		{2448389B-0BFA-4410-AA1F-CA9251189824}.Debug|Any CPU.Build.0 = Debug|Any CPU
		{2448389B-0BFA-4410-AA1F-CA9251189824}.Release|Any CPU.ActiveCfg = Release|Any CPU
		{2448389B-0BFA-4410-AA1F-CA9251189824}.Release|Any CPU.Build.0 = Release|Any CPU
		{F3F09743-E044-4109-813C-12151880B1FC}.Debug|Any CPU.ActiveCfg = Debug|Any CPU
		{F3F09743-E044-4109-813C-12151880B1FC}.Debug|Any CPU.Build.0 = Debug|Any CPU
		{F3F09743-E044-4109-813C-12151880B1FC}.Release|Any CPU.ActiveCfg = Release|Any CPU
		{F3F09743-E044-4109-813C-12151880B1FC}.Release|Any CPU.Build.0 = Release|Any CPU
	EndGlobalSection
	GlobalSection(SolutionProperties) = preSolution
		HideSolutionNode = FALSE
	EndGlobalSection
	GlobalSection(ExtensibilityGlobals) = postSolution
		SolutionGuid = {9E67386E-73D5-4173-9338-8D6F0F6CD55D}
	EndGlobalSection
EndGlobal
