
Microsoft Visual Studio Solution File, Format Version 12.00
# Visual Studio Version 16
VisualStudioVersion = 16.0.31729.503
MinimumVisualStudioVersion = 10.0.40219.1
Project("{FAE04EC0-301F-11D3-BF4B-00C04F79EFBC}") = "Nums1To10", "Nums1To10.csproj", "{02353494-537B-4D71-B119-3DD57BA633EB}"
EndProject
Global
	GlobalSection(SolutionConfigurationPlatforms) = preSolution
		Debug|Any CPU = Debug|Any CPU
		Release|Any CPU = Release|Any CPU
	EndGlobalSection
	GlobalSection(ProjectConfigurationPlatforms) = postSolution
		{02353494-537B-4D71-B119-3DD57BA633EB}.Debug|Any CPU.ActiveCfg = Debug|Any CPU
		{02353494-537B-4D71-B119-3DD57BA633EB}.Debug|Any CPU.Build.0 = Debug|Any CPU
		{02353494-537B-4D71-B119-3DD57BA633EB}.Release|Any CPU.ActiveCfg = Release|Any CPU
		{02353494-537B-4D71-B119-3DD57BA633EB}.Release|Any CPU.Build.0 = Release|Any CPU
	EndGlobalSection
	GlobalSection(SolutionProperties) = preSolution
		HideSolutionNode = FALSE
	EndGlobalSection
	GlobalSection(ExtensibilityGlobals) = postSolution
		SolutionGuid = {DD86C1DA-3535-42F9-8503-0AD1BF4399E6}
	EndGlobalSection
EndGlobal
