
Microsoft Visual Studio Solution File, Format Version 12.00
# Visual Studio Version 17
VisualStudioVersion = 17.6.33801.468
MinimumVisualStudioVersion = 10.0.40219.1
Project("{FAE04EC0-301F-11D3-BF4B-00C04F79EFBC}") = "01.Trains", "01.Trains\01.Trains.csproj", "{0A95B502-E48B-471E-AEBE-55820010AF4A}"
EndProject
Global
	GlobalSection(SolutionConfigurationPlatforms) = preSolution
		Debug|Any CPU = Debug|Any CPU
		Release|Any CPU = Release|Any CPU
	EndGlobalSection
	GlobalSection(ProjectConfigurationPlatforms) = postSolution
		{0A95B502-E48B-471E-AEBE-55820010AF4A}.Debug|Any CPU.ActiveCfg = Debug|Any CPU
		{0A95B502-E48B-471E-AEBE-55820010AF4A}.Debug|Any CPU.Build.0 = Debug|Any CPU
		{0A95B502-E48B-471E-AEBE-55820010AF4A}.Release|Any CPU.ActiveCfg = Release|Any CPU
		{0A95B502-E48B-471E-AEBE-55820010AF4A}.Release|Any CPU.Build.0 = Release|Any CPU
	EndGlobalSection
	GlobalSection(SolutionProperties) = preSolution
		HideSolutionNode = FALSE
	EndGlobalSection
	GlobalSection(ExtensibilityGlobals) = postSolution
		SolutionGuid = {49288C87-7872-47EB-AD48-25C7B17D9330}
	EndGlobalSection
EndGlobal
