
Microsoft Visual Studio Solution File, Format Version 12.00
# Visual Studio Version 17
VisualStudioVersion = 17.4.33213.308
MinimumVisualStudioVersion = 10.0.40219.1
Project("{9A19103F-16F7-4668-BE54-9A1E7A4F7556}") = "EFAspCore", "EFAspCore\EFAspCore.csproj", "{12DFCFBF-5240-4257-A980-0564E1D0547D}"
EndProject
Project("{FAE04EC0-301F-11D3-BF4B-00C04F79EFBC}") = "EFAspCore.Infrastructure", "EFAspCore.Infrastructure\EFAspCore.Infrastructure.csproj", "{1A542014-4FEE-4FE0-A78E-29E971A99AED}"
EndProject
Project("{FAE04EC0-301F-11D3-BF4B-00C04F79EFBC}") = "EFAspCore.Core", "EFAspCore.Core\EFAspCore.Core.csproj", "{039CC777-67F8-48CA-BB61-2255823F9556}"
EndProject
Global
	GlobalSection(SolutionConfigurationPlatforms) = preSolution
		Debug|Any CPU = Debug|Any CPU
		Release|Any CPU = Release|Any CPU
	EndGlobalSection
	GlobalSection(ProjectConfigurationPlatforms) = postSolution
		{12DFCFBF-5240-4257-A980-0564E1D0547D}.Debug|Any CPU.ActiveCfg = Debug|Any CPU
		{12DFCFBF-5240-4257-A980-0564E1D0547D}.Debug|Any CPU.Build.0 = Debug|Any CPU
		{12DFCFBF-5240-4257-A980-0564E1D0547D}.Release|Any CPU.ActiveCfg = Release|Any CPU
		{12DFCFBF-5240-4257-A980-0564E1D0547D}.Release|Any CPU.Build.0 = Release|Any CPU
		{1A542014-4FEE-4FE0-A78E-29E971A99AED}.Debug|Any CPU.ActiveCfg = Debug|Any CPU
		{1A542014-4FEE-4FE0-A78E-29E971A99AED}.Debug|Any CPU.Build.0 = Debug|Any CPU
		{1A542014-4FEE-4FE0-A78E-29E971A99AED}.Release|Any CPU.ActiveCfg = Release|Any CPU
		{1A542014-4FEE-4FE0-A78E-29E971A99AED}.Release|Any CPU.Build.0 = Release|Any CPU
		{039CC777-67F8-48CA-BB61-2255823F9556}.Debug|Any CPU.ActiveCfg = Debug|Any CPU
		{039CC777-67F8-48CA-BB61-2255823F9556}.Debug|Any CPU.Build.0 = Debug|Any CPU
		{039CC777-67F8-48CA-BB61-2255823F9556}.Release|Any CPU.ActiveCfg = Release|Any CPU
		{039CC777-67F8-48CA-BB61-2255823F9556}.Release|Any CPU.Build.0 = Release|Any CPU
	EndGlobalSection
	GlobalSection(SolutionProperties) = preSolution
		HideSolutionNode = FALSE
	EndGlobalSection
	GlobalSection(ExtensibilityGlobals) = postSolution
		SolutionGuid = {F5F3B153-42CE-47F2-8D0C-578C27B6CC78}
	EndGlobalSection
EndGlobal
