
Microsoft Visual Studio Solution File, Format Version 12.00
# Visual Studio Version 17
VisualStudioVersion = 17.3.32922.545
MinimumVisualStudioVersion = 10.0.40219.1
Project("{FAE04EC0-301F-11D3-BF4B-00C04F79EFBC}") = "01.GenericBoxOfString", "01.GenericBoxOfString\01.GenericBoxOfString.csproj", "{996A91D7-2488-4BB7-A9B8-DB11773C7539}"
EndProject
Project("{FAE04EC0-301F-11D3-BF4B-00C04F79EFBC}") = "02.GenericBoxOfInteger", "02.GenericBoxOfInteger\02.GenericBoxOfInteger.csproj", "{A10B715B-0496-4D8A-923E-54DBF090474B}"
EndProject
Project("{FAE04EC0-301F-11D3-BF4B-00C04F79EFBC}") = "03.GenericSwapMethodString", "03.GenericSwapMethodString\03.GenericSwapMethodString.csproj", "{86E654DD-31DE-49E6-8C53-E6C4F0CABC0E}"
EndProject
Project("{FAE04EC0-301F-11D3-BF4B-00C04F79EFBC}") = "04.GenericSwapMethodInteger", "04.GenericSwapMethodInteger\04.GenericSwapMethodInteger.csproj", "{D4ED1B23-8F99-4482-BBC7-CFE4C18E9606}"
EndProject
Project("{FAE04EC0-301F-11D3-BF4B-00C04F79EFBC}") = "05.GenericCountMethodString", "05.GenericCountMethodString\05.GenericCountMethodString.csproj", "{16609274-776C-4F8E-9755-329C2C9E3C87}"
EndProject
Project("{FAE04EC0-301F-11D3-BF4B-00C04F79EFBC}") = "06.GenericCountMethodDouble", "06.GenericCountMethodDouble\06.GenericCountMethodDouble.csproj", "{C5A8508E-6DE9-4EF5-88AB-4DDD55F8EEBD}"
EndProject
Project("{FAE04EC0-301F-11D3-BF4B-00C04F79EFBC}") = "07.Tuple", "07.Tuple\07.Tuple.csproj", "{F9D0498E-72A3-4680-98CD-27C23976C3C1}"
EndProject
Global
	GlobalSection(SolutionConfigurationPlatforms) = preSolution
		Debug|Any CPU = Debug|Any CPU
		Release|Any CPU = Release|Any CPU
	EndGlobalSection
	GlobalSection(ProjectConfigurationPlatforms) = postSolution
		{996A91D7-2488-4BB7-A9B8-DB11773C7539}.Debug|Any CPU.ActiveCfg = Debug|Any CPU
		{996A91D7-2488-4BB7-A9B8-DB11773C7539}.Debug|Any CPU.Build.0 = Debug|Any CPU
		{996A91D7-2488-4BB7-A9B8-DB11773C7539}.Release|Any CPU.ActiveCfg = Release|Any CPU
		{996A91D7-2488-4BB7-A9B8-DB11773C7539}.Release|Any CPU.Build.0 = Release|Any CPU
		{A10B715B-0496-4D8A-923E-54DBF090474B}.Debug|Any CPU.ActiveCfg = Debug|Any CPU
		{A10B715B-0496-4D8A-923E-54DBF090474B}.Debug|Any CPU.Build.0 = Debug|Any CPU
		{A10B715B-0496-4D8A-923E-54DBF090474B}.Release|Any CPU.ActiveCfg = Release|Any CPU
		{A10B715B-0496-4D8A-923E-54DBF090474B}.Release|Any CPU.Build.0 = Release|Any CPU
		{86E654DD-31DE-49E6-8C53-E6C4F0CABC0E}.Debug|Any CPU.ActiveCfg = Debug|Any CPU
		{86E654DD-31DE-49E6-8C53-E6C4F0CABC0E}.Debug|Any CPU.Build.0 = Debug|Any CPU
		{86E654DD-31DE-49E6-8C53-E6C4F0CABC0E}.Release|Any CPU.ActiveCfg = Release|Any CPU
		{86E654DD-31DE-49E6-8C53-E6C4F0CABC0E}.Release|Any CPU.Build.0 = Release|Any CPU
		{D4ED1B23-8F99-4482-BBC7-CFE4C18E9606}.Debug|Any CPU.ActiveCfg = Debug|Any CPU
		{D4ED1B23-8F99-4482-BBC7-CFE4C18E9606}.Debug|Any CPU.Build.0 = Debug|Any CPU
		{D4ED1B23-8F99-4482-BBC7-CFE4C18E9606}.Release|Any CPU.ActiveCfg = Release|Any CPU
		{D4ED1B23-8F99-4482-BBC7-CFE4C18E9606}.Release|Any CPU.Build.0 = Release|Any CPU
		{16609274-776C-4F8E-9755-329C2C9E3C87}.Debug|Any CPU.ActiveCfg = Debug|Any CPU
		{16609274-776C-4F8E-9755-329C2C9E3C87}.Debug|Any CPU.Build.0 = Debug|Any CPU
		{16609274-776C-4F8E-9755-329C2C9E3C87}.Release|Any CPU.ActiveCfg = Release|Any CPU
		{16609274-776C-4F8E-9755-329C2C9E3C87}.Release|Any CPU.Build.0 = Release|Any CPU
		{C5A8508E-6DE9-4EF5-88AB-4DDD55F8EEBD}.Debug|Any CPU.ActiveCfg = Debug|Any CPU
		{C5A8508E-6DE9-4EF5-88AB-4DDD55F8EEBD}.Debug|Any CPU.Build.0 = Debug|Any CPU
		{C5A8508E-6DE9-4EF5-88AB-4DDD55F8EEBD}.Release|Any CPU.ActiveCfg = Release|Any CPU
		{C5A8508E-6DE9-4EF5-88AB-4DDD55F8EEBD}.Release|Any CPU.Build.0 = Release|Any CPU
		{F9D0498E-72A3-4680-98CD-27C23976C3C1}.Debug|Any CPU.ActiveCfg = Debug|Any CPU
		{F9D0498E-72A3-4680-98CD-27C23976C3C1}.Debug|Any CPU.Build.0 = Debug|Any CPU
		{F9D0498E-72A3-4680-98CD-27C23976C3C1}.Release|Any CPU.ActiveCfg = Release|Any CPU
		{F9D0498E-72A3-4680-98CD-27C23976C3C1}.Release|Any CPU.Build.0 = Release|Any CPU
	EndGlobalSection
	GlobalSection(SolutionProperties) = preSolution
		HideSolutionNode = FALSE
	EndGlobalSection
	GlobalSection(ExtensibilityGlobals) = postSolution
		SolutionGuid = {CE2BE138-A2D2-4E28-9B68-FD193456181D}
	EndGlobalSection
EndGlobal
