
Microsoft Visual Studio Solution File, Format Version 12.00
# Visual Studio Version 17
VisualStudioVersion = 17.3.32922.545
MinimumVisualStudioVersion = 10.0.40219.1
Project("{FAE04EC0-301F-11D3-BF4B-00C04F79EFBC}") = "01.GenericBoxOfString", "01.GenericBoxOfString\01.GenericBoxOfString.csproj", "{996A91D7-2488-4BB7-A9B8-DB11773C7539}"
EndProject
Project("{FAE04EC0-301F-11D3-BF4B-00C04F79EFBC}") = "02.GenericBoxOfInteger", "02.GenericBoxOfInteger\02.GenericBoxOfInteger.csproj", "{A10B715B-0496-4D8A-923E-54DBF090474B}"
EndProject
Global
	GlobalSection(SolutionConfigurationPlatforms) = preSolution
		Debug|Any CPU = Debug|Any CPU
		Release|Any CPU = Release|Any CPU
	EndGlobalSection
	GlobalSection(ProjectConfigurationPlatforms) = postSolution
		{996A91D7-2488-4BB7-A9B8-DB11773C7539}.Debug|Any CPU.ActiveCfg = Debug|Any CPU
		{996A91D7-2488-4BB7-A9B8-DB11773C7539}.Debug|Any CPU.Build.0 = Debug|Any CPU
		{996A91D7-2488-4BB7-A9B8-DB11773C7539}.Release|Any CPU.ActiveCfg = Release|Any CPU
		{996A91D7-2488-4BB7-A9B8-DB11773C7539}.Release|Any CPU.Build.0 = Release|Any CPU
		{A10B715B-0496-4D8A-923E-54DBF090474B}.Debug|Any CPU.ActiveCfg = Debug|Any CPU
		{A10B715B-0496-4D8A-923E-54DBF090474B}.Debug|Any CPU.Build.0 = Debug|Any CPU
		{A10B715B-0496-4D8A-923E-54DBF090474B}.Release|Any CPU.ActiveCfg = Release|Any CPU
		{A10B715B-0496-4D8A-923E-54DBF090474B}.Release|Any CPU.Build.0 = Release|Any CPU
	EndGlobalSection
	GlobalSection(SolutionProperties) = preSolution
		HideSolutionNode = FALSE
	EndGlobalSection
	GlobalSection(ExtensibilityGlobals) = postSolution
		SolutionGuid = {CE2BE138-A2D2-4E28-9B68-FD193456181D}
	EndGlobalSection
EndGlobal
