
Microsoft Visual Studio Solution File, Format Version 12.00
# Visual Studio Version 17
VisualStudioVersion = 17.4.33213.308
MinimumVisualStudioVersion = 10.0.40219.1
Project("{9A19103F-16F7-4668-BE54-9A1E7A4F7556}") = "-01.RecursiveArraySum", "-01.RecursiveArraySum\-01.RecursiveArraySum.csproj", "{D564DA24-F16F-4597-90C4-210A41C6357F}"
EndProject
Project("{9A19103F-16F7-4668-BE54-9A1E7A4F7556}") = "-02.RecursiveDrawing", "-02.RecursiveDrawing\-02.RecursiveDrawing.csproj", "{53A7F43E-F77E-4B67-8ED3-AD6C8193E79D}"
EndProject
Project("{9A19103F-16F7-4668-BE54-9A1E7A4F7556}") = "-03.Generating0-1Vectors", "-03.Generating0-1Vectors\-03.Generating0-1Vectors.csproj", "{46CBEBB9-8185-4B31-AA01-AD30A5EE1B40}"
EndProject
Project("{9A19103F-16F7-4668-BE54-9A1E7A4F7556}") = "-04.RecursiveFactorial", "-04.RecursiveFactorial\-04.RecursiveFactorial.csproj", "{418F50EF-65AC-4881-9513-7BD782C73FF7}"
EndProject
Project("{9A19103F-16F7-4668-BE54-9A1E7A4F7556}") = "-05.PathsInLabyrinth", "-05.PathsInLabyrinth\-05.PathsInLabyrinth.csproj", "{86B03CC2-3392-47C2-8A41-EF627A39A1FF}"
EndProject
Project("{9A19103F-16F7-4668-BE54-9A1E7A4F7556}") = "-06.8QueensPuzzle", "-06.8QueensPuzzle\-06.8QueensPuzzle.csproj", "{3A85902E-05F9-469B-BD4A-1B5A76AC6929}"
EndProject
Project("{FAE04EC0-301F-11D3-BF4B-00C04F79EFBC}") = "-07.RecursiveFibonacci", "-07.RecursiveFibonacci\-07.RecursiveFibonacci.csproj", "{28B56875-C1A6-4B11-B31C-BB4111D5C44D}"
EndProject
Global
	GlobalSection(SolutionConfigurationPlatforms) = preSolution
		Debug|Any CPU = Debug|Any CPU
		Release|Any CPU = Release|Any CPU
	EndGlobalSection
	GlobalSection(ProjectConfigurationPlatforms) = postSolution
		{D564DA24-F16F-4597-90C4-210A41C6357F}.Debug|Any CPU.ActiveCfg = Debug|Any CPU
		{D564DA24-F16F-4597-90C4-210A41C6357F}.Debug|Any CPU.Build.0 = Debug|Any CPU
		{D564DA24-F16F-4597-90C4-210A41C6357F}.Release|Any CPU.ActiveCfg = Release|Any CPU
		{D564DA24-F16F-4597-90C4-210A41C6357F}.Release|Any CPU.Build.0 = Release|Any CPU
		{53A7F43E-F77E-4B67-8ED3-AD6C8193E79D}.Debug|Any CPU.ActiveCfg = Debug|Any CPU
		{53A7F43E-F77E-4B67-8ED3-AD6C8193E79D}.Debug|Any CPU.Build.0 = Debug|Any CPU
		{53A7F43E-F77E-4B67-8ED3-AD6C8193E79D}.Release|Any CPU.ActiveCfg = Release|Any CPU
		{53A7F43E-F77E-4B67-8ED3-AD6C8193E79D}.Release|Any CPU.Build.0 = Release|Any CPU
		{46CBEBB9-8185-4B31-AA01-AD30A5EE1B40}.Debug|Any CPU.ActiveCfg = Debug|Any CPU
		{46CBEBB9-8185-4B31-AA01-AD30A5EE1B40}.Debug|Any CPU.Build.0 = Debug|Any CPU
		{46CBEBB9-8185-4B31-AA01-AD30A5EE1B40}.Release|Any CPU.ActiveCfg = Release|Any CPU
		{46CBEBB9-8185-4B31-AA01-AD30A5EE1B40}.Release|Any CPU.Build.0 = Release|Any CPU
		{418F50EF-65AC-4881-9513-7BD782C73FF7}.Debug|Any CPU.ActiveCfg = Debug|Any CPU
		{418F50EF-65AC-4881-9513-7BD782C73FF7}.Debug|Any CPU.Build.0 = Debug|Any CPU
		{418F50EF-65AC-4881-9513-7BD782C73FF7}.Release|Any CPU.ActiveCfg = Release|Any CPU
		{418F50EF-65AC-4881-9513-7BD782C73FF7}.Release|Any CPU.Build.0 = Release|Any CPU
		{86B03CC2-3392-47C2-8A41-EF627A39A1FF}.Debug|Any CPU.ActiveCfg = Debug|Any CPU
		{86B03CC2-3392-47C2-8A41-EF627A39A1FF}.Debug|Any CPU.Build.0 = Debug|Any CPU
		{86B03CC2-3392-47C2-8A41-EF627A39A1FF}.Release|Any CPU.ActiveCfg = Release|Any CPU
		{86B03CC2-3392-47C2-8A41-EF627A39A1FF}.Release|Any CPU.Build.0 = Release|Any CPU
		{3A85902E-05F9-469B-BD4A-1B5A76AC6929}.Debug|Any CPU.ActiveCfg = Debug|Any CPU
		{3A85902E-05F9-469B-BD4A-1B5A76AC6929}.Debug|Any CPU.Build.0 = Debug|Any CPU
		{3A85902E-05F9-469B-BD4A-1B5A76AC6929}.Release|Any CPU.ActiveCfg = Release|Any CPU
		{3A85902E-05F9-469B-BD4A-1B5A76AC6929}.Release|Any CPU.Build.0 = Release|Any CPU
		{28B56875-C1A6-4B11-B31C-BB4111D5C44D}.Debug|Any CPU.ActiveCfg = Debug|Any CPU
		{28B56875-C1A6-4B11-B31C-BB4111D5C44D}.Debug|Any CPU.Build.0 = Debug|Any CPU
		{28B56875-C1A6-4B11-B31C-BB4111D5C44D}.Release|Any CPU.ActiveCfg = Release|Any CPU
		{28B56875-C1A6-4B11-B31C-BB4111D5C44D}.Release|Any CPU.Build.0 = Release|Any CPU
	EndGlobalSection
	GlobalSection(SolutionProperties) = preSolution
		HideSolutionNode = FALSE
	EndGlobalSection
	GlobalSection(ExtensibilityGlobals) = postSolution
		SolutionGuid = {EDE4F182-71B5-4994-8E0B-B4B419DA8951}
	EndGlobalSection
EndGlobal
