
Microsoft Visual Studio Solution File, Format Version 12.00
# Visual Studio Version 17
VisualStudioVersion = 17.3.32922.545
MinimumVisualStudioVersion = 10.0.40219.1
Project("{9A19103F-16F7-4668-BE54-9A1E7A4F7556}") = "01.ClassBoxData", "01.ClassBoxData\01.ClassBoxData.csproj", "{9515480B-5A1D-404D-BA0D-1D9D37718542}"
EndProject
Project("{FAE04EC0-301F-11D3-BF4B-00C04F79EFBC}") = "03.ShoppingSpree", "03.ShoppingSpree\03.ShoppingSpree.csproj", "{596ACC6E-E748-4E98-AA52-3FCC8CC0EB07}"
EndProject
Global
	GlobalSection(SolutionConfigurationPlatforms) = preSolution
		Debug|Any CPU = Debug|Any CPU
		Release|Any CPU = Release|Any CPU
	EndGlobalSection
	GlobalSection(ProjectConfigurationPlatforms) = postSolution
		{9515480B-5A1D-404D-BA0D-1D9D37718542}.Debug|Any CPU.ActiveCfg = Debug|Any CPU
		{9515480B-5A1D-404D-BA0D-1D9D37718542}.Debug|Any CPU.Build.0 = Debug|Any CPU
		{9515480B-5A1D-404D-BA0D-1D9D37718542}.Release|Any CPU.ActiveCfg = Release|Any CPU
		{9515480B-5A1D-404D-BA0D-1D9D37718542}.Release|Any CPU.Build.0 = Release|Any CPU
		{596ACC6E-E748-4E98-AA52-3FCC8CC0EB07}.Debug|Any CPU.ActiveCfg = Debug|Any CPU
		{596ACC6E-E748-4E98-AA52-3FCC8CC0EB07}.Debug|Any CPU.Build.0 = Debug|Any CPU
		{596ACC6E-E748-4E98-AA52-3FCC8CC0EB07}.Release|Any CPU.ActiveCfg = Release|Any CPU
		{596ACC6E-E748-4E98-AA52-3FCC8CC0EB07}.Release|Any CPU.Build.0 = Release|Any CPU
	EndGlobalSection
	GlobalSection(SolutionProperties) = preSolution
		HideSolutionNode = FALSE
	EndGlobalSection
	GlobalSection(ExtensibilityGlobals) = postSolution
		SolutionGuid = {D3AAB87C-5D5B-4D9D-90D2-811C4B9B6F3E}
	EndGlobalSection
EndGlobal
