
Microsoft Visual Studio Solution File, Format Version 12.00
# Visual Studio Version 17
VisualStudioVersion = 17.3.32922.545
MinimumVisualStudioVersion = 10.0.40219.1
Project("{FAE04EC0-301F-11D3-BF4B-00C04F79EFBC}") = "1. Diagonal Difference", "1. Diagonal Difference\1. Diagonal Difference.csproj", "{6C0C21C4-7D0C-4606-B688-0DB0678CF3FB}"
EndProject
Global
	GlobalSection(SolutionConfigurationPlatforms) = preSolution
		Debug|Any CPU = Debug|Any CPU
		Release|Any CPU = Release|Any CPU
	EndGlobalSection
	GlobalSection(ProjectConfigurationPlatforms) = postSolution
		{6C0C21C4-7D0C-4606-B688-0DB0678CF3FB}.Debug|Any CPU.ActiveCfg = Debug|Any CPU
		{6C0C21C4-7D0C-4606-B688-0DB0678CF3FB}.Debug|Any CPU.Build.0 = Debug|Any CPU
		{6C0C21C4-7D0C-4606-B688-0DB0678CF3FB}.Release|Any CPU.ActiveCfg = Release|Any CPU
		{6C0C21C4-7D0C-4606-B688-0DB0678CF3FB}.Release|Any CPU.Build.0 = Release|Any CPU
	EndGlobalSection
	GlobalSection(SolutionProperties) = preSolution
		HideSolutionNode = FALSE
	EndGlobalSection
	GlobalSection(ExtensibilityGlobals) = postSolution
		SolutionGuid = {76914B59-D283-4B0C-B2FF-641E6A412284}
	EndGlobalSection
EndGlobal
