
Microsoft Visual Studio Solution File, Format Version 12.00
# Visual Studio Version 17
VisualStudioVersion = 17.3.32922.545
MinimumVisualStudioVersion = 10.0.40219.1
Project("{9A19103F-16F7-4668-BE54-9A1E7A4F7556}") = "1. Diagonal Difference", "1. Diagonal Difference\1. Diagonal Difference.csproj", "{6C0C21C4-7D0C-4606-B688-0DB0678CF3FB}"
EndProject
Project("{9A19103F-16F7-4668-BE54-9A1E7A4F7556}") = "2. Squares in Matrix", "2. Squares in Matrix\2. Squares in Matrix.csproj", "{C9CA2754-5DB1-443A-891F-03D096A15D59}"
EndProject
Project("{9A19103F-16F7-4668-BE54-9A1E7A4F7556}") = "2. Squares in Matrix-v2", "2. Squares in Matrix-v2\2. Squares in Matrix-v2.csproj", "{FF78E342-1E66-4BA1-884C-D928163BD4A2}"
EndProject
Project("{9A19103F-16F7-4668-BE54-9A1E7A4F7556}") = "3. Maximal Sum", "3. Maximal Sum\3. Maximal Sum.csproj", "{29C4D70E-3CF4-4D69-AF60-6DE8A45E6321}"
EndProject
Project("{9A19103F-16F7-4668-BE54-9A1E7A4F7556}") = "4. Matrix Shuffling", "4. Matrix Shuffling\4. Matrix Shuffling.csproj", "{3B4AD990-BB99-4133-AE30-7FB2EFB3BF9A}"
EndProject
Project("{FAE04EC0-301F-11D3-BF4B-00C04F79EFBC}") = "5. Snake Moves", "5. Snake Moves\5. Snake Moves.csproj", "{2F82692A-B7A1-46A5-AB76-BE403D4E3258}"
EndProject
Project("{FAE04EC0-301F-11D3-BF4B-00C04F79EFBC}") = "6. Jagged Array Manipulator", "6. Jagged Array Manipulator\6. Jagged Array Manipulator.csproj", "{C3F8E7EE-0137-4DD5-87D5-F4E6F897F849}"
EndProject
Project("{FAE04EC0-301F-11D3-BF4B-00C04F79EFBC}") = "7. Knight Game", "7. Knight Game\7. Knight Game.csproj", "{1A3C651A-544D-4657-8A3C-828693A930A1}"
EndProject
Global
	GlobalSection(SolutionConfigurationPlatforms) = preSolution
		Debug|Any CPU = Debug|Any CPU
		Release|Any CPU = Release|Any CPU
	EndGlobalSection
	GlobalSection(ProjectConfigurationPlatforms) = postSolution
		{6C0C21C4-7D0C-4606-B688-0DB0678CF3FB}.Debug|Any CPU.ActiveCfg = Debug|Any CPU
		{6C0C21C4-7D0C-4606-B688-0DB0678CF3FB}.Debug|Any CPU.Build.0 = Debug|Any CPU
		{6C0C21C4-7D0C-4606-B688-0DB0678CF3FB}.Release|Any CPU.ActiveCfg = Release|Any CPU
		{6C0C21C4-7D0C-4606-B688-0DB0678CF3FB}.Release|Any CPU.Build.0 = Release|Any CPU
		{C9CA2754-5DB1-443A-891F-03D096A15D59}.Debug|Any CPU.ActiveCfg = Debug|Any CPU
		{C9CA2754-5DB1-443A-891F-03D096A15D59}.Debug|Any CPU.Build.0 = Debug|Any CPU
		{C9CA2754-5DB1-443A-891F-03D096A15D59}.Release|Any CPU.ActiveCfg = Release|Any CPU
		{C9CA2754-5DB1-443A-891F-03D096A15D59}.Release|Any CPU.Build.0 = Release|Any CPU
		{FF78E342-1E66-4BA1-884C-D928163BD4A2}.Debug|Any CPU.ActiveCfg = Debug|Any CPU
		{FF78E342-1E66-4BA1-884C-D928163BD4A2}.Debug|Any CPU.Build.0 = Debug|Any CPU
		{FF78E342-1E66-4BA1-884C-D928163BD4A2}.Release|Any CPU.ActiveCfg = Release|Any CPU
		{FF78E342-1E66-4BA1-884C-D928163BD4A2}.Release|Any CPU.Build.0 = Release|Any CPU
		{29C4D70E-3CF4-4D69-AF60-6DE8A45E6321}.Debug|Any CPU.ActiveCfg = Debug|Any CPU
		{29C4D70E-3CF4-4D69-AF60-6DE8A45E6321}.Debug|Any CPU.Build.0 = Debug|Any CPU
		{29C4D70E-3CF4-4D69-AF60-6DE8A45E6321}.Release|Any CPU.ActiveCfg = Release|Any CPU
		{29C4D70E-3CF4-4D69-AF60-6DE8A45E6321}.Release|Any CPU.Build.0 = Release|Any CPU
		{3B4AD990-BB99-4133-AE30-7FB2EFB3BF9A}.Debug|Any CPU.ActiveCfg = Debug|Any CPU
		{3B4AD990-BB99-4133-AE30-7FB2EFB3BF9A}.Debug|Any CPU.Build.0 = Debug|Any CPU
		{3B4AD990-BB99-4133-AE30-7FB2EFB3BF9A}.Release|Any CPU.ActiveCfg = Release|Any CPU
		{3B4AD990-BB99-4133-AE30-7FB2EFB3BF9A}.Release|Any CPU.Build.0 = Release|Any CPU
		{2F82692A-B7A1-46A5-AB76-BE403D4E3258}.Debug|Any CPU.ActiveCfg = Debug|Any CPU
		{2F82692A-B7A1-46A5-AB76-BE403D4E3258}.Debug|Any CPU.Build.0 = Debug|Any CPU
		{2F82692A-B7A1-46A5-AB76-BE403D4E3258}.Release|Any CPU.ActiveCfg = Release|Any CPU
		{2F82692A-B7A1-46A5-AB76-BE403D4E3258}.Release|Any CPU.Build.0 = Release|Any CPU
		{C3F8E7EE-0137-4DD5-87D5-F4E6F897F849}.Debug|Any CPU.ActiveCfg = Debug|Any CPU
		{C3F8E7EE-0137-4DD5-87D5-F4E6F897F849}.Debug|Any CPU.Build.0 = Debug|Any CPU
		{C3F8E7EE-0137-4DD5-87D5-F4E6F897F849}.Release|Any CPU.ActiveCfg = Release|Any CPU
		{C3F8E7EE-0137-4DD5-87D5-F4E6F897F849}.Release|Any CPU.Build.0 = Release|Any CPU
		{1A3C651A-544D-4657-8A3C-828693A930A1}.Debug|Any CPU.ActiveCfg = Debug|Any CPU
		{1A3C651A-544D-4657-8A3C-828693A930A1}.Debug|Any CPU.Build.0 = Debug|Any CPU
		{1A3C651A-544D-4657-8A3C-828693A930A1}.Release|Any CPU.ActiveCfg = Release|Any CPU
		{1A3C651A-544D-4657-8A3C-828693A930A1}.Release|Any CPU.Build.0 = Release|Any CPU
	EndGlobalSection
	GlobalSection(SolutionProperties) = preSolution
		HideSolutionNode = FALSE
	EndGlobalSection
	GlobalSection(ExtensibilityGlobals) = postSolution
		SolutionGuid = {76914B59-D283-4B0C-B2FF-641E6A412284}
	EndGlobalSection
EndGlobal
