
Microsoft Visual Studio Solution File, Format Version 12.00
# Visual Studio Version 17
VisualStudioVersion = 17.4.33205.214
MinimumVisualStudioVersion = 10.0.40219.1
Project("{9A19103F-16F7-4668-BE54-9A1E7A4F7556}") = "FastFood.Core", "FastFood.Core\FastFood.Core.csproj", "{3488DA13-174A-4DD0-994C-DC50045FCE20}"
EndProject
Project("{9A19103F-16F7-4668-BE54-9A1E7A4F7556}") = "FastFood.Data", "FastFood.Data\FastFood.Data.csproj", "{A1D9CC7E-163C-4025-9857-948E8F44C7FA}"
EndProject
Project("{9A19103F-16F7-4668-BE54-9A1E7A4F7556}") = "FastFood.Models", "FastFood.Models\FastFood.Models.csproj", "{BB6F0165-F136-42AB-93E3-1A4E5E9641E4}"
EndProject
Project("{FAE04EC0-301F-11D3-BF4B-00C04F79EFBC}") = "FastFood.Common", "FastFood.Common\FastFood.Common.csproj", "{A82A0C3A-B640-40F9-92A4-97D61B3539C8}"
EndProject
Project("{2150E333-8FDC-42A3-9474-1A3956D46DE8}") = "Data", "Data", "{61168205-048E-444F-A1BD-A800D270D17B}"
EndProject
Project("{2150E333-8FDC-42A3-9474-1A3956D46DE8}") = "Web", "Web", "{CE1DDBF7-02B0-4E01-9D41-33727AE39984}"
EndProject
Project("{2150E333-8FDC-42A3-9474-1A3956D46DE8}") = "Services", "Services", "{CA775226-9887-4A5C-B5D3-53B656578F89}"
EndProject
Project("{FAE04EC0-301F-11D3-BF4B-00C04F79EFBC}") = "FastFood.Services.Mapping", "FastFood.Services.Mapping\FastFood.Services.Mapping.csproj", "{91339FD4-FBC8-4ECD-818E-5A0C4820B8B0}"
EndProject
Project("{FAE04EC0-301F-11D3-BF4B-00C04F79EFBC}") = "FastFood.Services.Data", "FastFood.Services.Data\FastFood.Services.Data.csproj", "{11AB47F9-428C-4DBC-BA16-A9A2DFCCDBEC}"
EndProject
Project("{FAE04EC0-301F-11D3-BF4B-00C04F79EFBC}") = "FastFood.Web.ViewModels", "FastFood.Web.ViewModels\FastFood.Web.ViewModels.csproj", "{7F08FDEA-1DA5-45B7-A5B0-EDFF0FE28C76}"
EndProject
Global
	GlobalSection(SolutionConfigurationPlatforms) = preSolution
		Debug|Any CPU = Debug|Any CPU
		Release|Any CPU = Release|Any CPU
	EndGlobalSection
	GlobalSection(ProjectConfigurationPlatforms) = postSolution
		{3488DA13-174A-4DD0-994C-DC50045FCE20}.Debug|Any CPU.ActiveCfg = Debug|Any CPU
		{3488DA13-174A-4DD0-994C-DC50045FCE20}.Debug|Any CPU.Build.0 = Debug|Any CPU
		{3488DA13-174A-4DD0-994C-DC50045FCE20}.Release|Any CPU.ActiveCfg = Release|Any CPU
		{3488DA13-174A-4DD0-994C-DC50045FCE20}.Release|Any CPU.Build.0 = Release|Any CPU
		{A1D9CC7E-163C-4025-9857-948E8F44C7FA}.Debug|Any CPU.ActiveCfg = Debug|Any CPU
		{A1D9CC7E-163C-4025-9857-948E8F44C7FA}.Debug|Any CPU.Build.0 = Debug|Any CPU
		{A1D9CC7E-163C-4025-9857-948E8F44C7FA}.Release|Any CPU.ActiveCfg = Release|Any CPU
		{A1D9CC7E-163C-4025-9857-948E8F44C7FA}.Release|Any CPU.Build.0 = Release|Any CPU
		{BB6F0165-F136-42AB-93E3-1A4E5E9641E4}.Debug|Any CPU.ActiveCfg = Debug|Any CPU
		{BB6F0165-F136-42AB-93E3-1A4E5E9641E4}.Debug|Any CPU.Build.0 = Debug|Any CPU
		{BB6F0165-F136-42AB-93E3-1A4E5E9641E4}.Release|Any CPU.ActiveCfg = Release|Any CPU
		{BB6F0165-F136-42AB-93E3-1A4E5E9641E4}.Release|Any CPU.Build.0 = Release|Any CPU
		{A82A0C3A-B640-40F9-92A4-97D61B3539C8}.Debug|Any CPU.ActiveCfg = Debug|Any CPU
		{A82A0C3A-B640-40F9-92A4-97D61B3539C8}.Debug|Any CPU.Build.0 = Debug|Any CPU
		{A82A0C3A-B640-40F9-92A4-97D61B3539C8}.Release|Any CPU.ActiveCfg = Release|Any CPU
		{A82A0C3A-B640-40F9-92A4-97D61B3539C8}.Release|Any CPU.Build.0 = Release|Any CPU
		{91339FD4-FBC8-4ECD-818E-5A0C4820B8B0}.Debug|Any CPU.ActiveCfg = Debug|Any CPU
		{91339FD4-FBC8-4ECD-818E-5A0C4820B8B0}.Debug|Any CPU.Build.0 = Debug|Any CPU
		{91339FD4-FBC8-4ECD-818E-5A0C4820B8B0}.Release|Any CPU.ActiveCfg = Release|Any CPU
		{91339FD4-FBC8-4ECD-818E-5A0C4820B8B0}.Release|Any CPU.Build.0 = Release|Any CPU
		{11AB47F9-428C-4DBC-BA16-A9A2DFCCDBEC}.Debug|Any CPU.ActiveCfg = Debug|Any CPU
		{11AB47F9-428C-4DBC-BA16-A9A2DFCCDBEC}.Debug|Any CPU.Build.0 = Debug|Any CPU
		{11AB47F9-428C-4DBC-BA16-A9A2DFCCDBEC}.Release|Any CPU.ActiveCfg = Release|Any CPU
		{11AB47F9-428C-4DBC-BA16-A9A2DFCCDBEC}.Release|Any CPU.Build.0 = Release|Any CPU
		{7F08FDEA-1DA5-45B7-A5B0-EDFF0FE28C76}.Debug|Any CPU.ActiveCfg = Debug|Any CPU
		{7F08FDEA-1DA5-45B7-A5B0-EDFF0FE28C76}.Debug|Any CPU.Build.0 = Debug|Any CPU
		{7F08FDEA-1DA5-45B7-A5B0-EDFF0FE28C76}.Release|Any CPU.ActiveCfg = Release|Any CPU
		{7F08FDEA-1DA5-45B7-A5B0-EDFF0FE28C76}.Release|Any CPU.Build.0 = Release|Any CPU
	EndGlobalSection
	GlobalSection(SolutionProperties) = preSolution
		HideSolutionNode = FALSE
	EndGlobalSection
	GlobalSection(NestedProjects) = preSolution
		{3488DA13-174A-4DD0-994C-DC50045FCE20} = {CE1DDBF7-02B0-4E01-9D41-33727AE39984}
		{A1D9CC7E-163C-4025-9857-948E8F44C7FA} = {61168205-048E-444F-A1BD-A800D270D17B}
		{BB6F0165-F136-42AB-93E3-1A4E5E9641E4} = {61168205-048E-444F-A1BD-A800D270D17B}
		{91339FD4-FBC8-4ECD-818E-5A0C4820B8B0} = {CA775226-9887-4A5C-B5D3-53B656578F89}
		{11AB47F9-428C-4DBC-BA16-A9A2DFCCDBEC} = {CA775226-9887-4A5C-B5D3-53B656578F89}
		{7F08FDEA-1DA5-45B7-A5B0-EDFF0FE28C76} = {CE1DDBF7-02B0-4E01-9D41-33727AE39984}
	EndGlobalSection
	GlobalSection(ExtensibilityGlobals) = postSolution
		SolutionGuid = {862DCD7D-6738-42A1-B1BB-4B09D90AAA4B}
	EndGlobalSection
EndGlobal
