
Microsoft Visual Studio Solution File, Format Version 12.00
# Visual Studio Version 17
VisualStudioVersion = 17.6.33801.468
MinimumVisualStudioVersion = 10.0.40219.1
Project("{FAE04EC0-301F-11D3-BF4B-00C04F79EFBC}") = "01.BinomialCoefficients", "01.BinomialCoefficients\01.BinomialCoefficients.csproj", "{D98461F6-D91A-4B14-932E-B36DD0EC07D1}"
EndProject
Project("{FAE04EC0-301F-11D3-BF4B-00C04F79EFBC}") = "02.DividingPresents", "02.DividingPresents\02.DividingPresents.csproj", "{D3F741E2-AE36-4163-910B-4DCDB812B660}"
EndProject
Global
	GlobalSection(SolutionConfigurationPlatforms) = preSolution
		Debug|Any CPU = Debug|Any CPU
		Release|Any CPU = Release|Any CPU
	EndGlobalSection
	GlobalSection(ProjectConfigurationPlatforms) = postSolution
		{D98461F6-D91A-4B14-932E-B36DD0EC07D1}.Debug|Any CPU.ActiveCfg = Debug|Any CPU
		{D98461F6-D91A-4B14-932E-B36DD0EC07D1}.Debug|Any CPU.Build.0 = Debug|Any CPU
		{D98461F6-D91A-4B14-932E-B36DD0EC07D1}.Release|Any CPU.ActiveCfg = Release|Any CPU
		{D98461F6-D91A-4B14-932E-B36DD0EC07D1}.Release|Any CPU.Build.0 = Release|Any CPU
		{D3F741E2-AE36-4163-910B-4DCDB812B660}.Debug|Any CPU.ActiveCfg = Debug|Any CPU
		{D3F741E2-AE36-4163-910B-4DCDB812B660}.Debug|Any CPU.Build.0 = Debug|Any CPU
		{D3F741E2-AE36-4163-910B-4DCDB812B660}.Release|Any CPU.ActiveCfg = Release|Any CPU
		{D3F741E2-AE36-4163-910B-4DCDB812B660}.Release|Any CPU.Build.0 = Release|Any CPU
	EndGlobalSection
	GlobalSection(SolutionProperties) = preSolution
		HideSolutionNode = FALSE
	EndGlobalSection
	GlobalSection(ExtensibilityGlobals) = postSolution
		SolutionGuid = {26C54A80-FBCE-412B-A5B0-EF1E68F559E6}
	EndGlobalSection
EndGlobal
