
Microsoft Visual Studio Solution File, Format Version 12.00
# Visual Studio Version 17
VisualStudioVersion = 17.1.32228.430
MinimumVisualStudioVersion = 10.0.40219.1
Project("{9A19103F-16F7-4668-BE54-9A1E7A4F7556}") = "01. Advertisement Message", "01. Advertisement Message\01. Advertisement Message.csproj", "{7CA7BDF1-C28C-4327-A218-5F148F76020A}"
EndProject
Project("{9A19103F-16F7-4668-BE54-9A1E7A4F7556}") = "02. Articles", "02. Articles\02. Articles.csproj", "{B7F11DAF-7E41-4276-813D-C9CDF15ED307}"
EndProject
Project("{FAE04EC0-301F-11D3-BF4B-00C04F79EFBC}") = "03. Articles 2.0", "03. Articles 2.0\03. Articles 2.0.csproj", "{9E44DA1E-E339-446C-A75A-6313259F3315}"
EndProject
Project("{FAE04EC0-301F-11D3-BF4B-00C04F79EFBC}") = "04. Students", "04. Students\04. Students.csproj", "{C6B1A6D6-5351-4DB1-864F-BD4D91BB3410}"
EndProject
Project("{FAE04EC0-301F-11D3-BF4B-00C04F79EFBC}") = "05. Teamwork Projects", "05. Teamwork Projects\05. Teamwork Projects.csproj", "{A700007E-9235-4C9F-81F2-31DD59658C87}"
EndProject
Global
	GlobalSection(SolutionConfigurationPlatforms) = preSolution
		Debug|Any CPU = Debug|Any CPU
		Release|Any CPU = Release|Any CPU
	EndGlobalSection
	GlobalSection(ProjectConfigurationPlatforms) = postSolution
		{7CA7BDF1-C28C-4327-A218-5F148F76020A}.Debug|Any CPU.ActiveCfg = Debug|Any CPU
		{7CA7BDF1-C28C-4327-A218-5F148F76020A}.Debug|Any CPU.Build.0 = Debug|Any CPU
		{7CA7BDF1-C28C-4327-A218-5F148F76020A}.Release|Any CPU.ActiveCfg = Release|Any CPU
		{7CA7BDF1-C28C-4327-A218-5F148F76020A}.Release|Any CPU.Build.0 = Release|Any CPU
		{B7F11DAF-7E41-4276-813D-C9CDF15ED307}.Debug|Any CPU.ActiveCfg = Debug|Any CPU
		{B7F11DAF-7E41-4276-813D-C9CDF15ED307}.Debug|Any CPU.Build.0 = Debug|Any CPU
		{B7F11DAF-7E41-4276-813D-C9CDF15ED307}.Release|Any CPU.ActiveCfg = Release|Any CPU
		{B7F11DAF-7E41-4276-813D-C9CDF15ED307}.Release|Any CPU.Build.0 = Release|Any CPU
		{9E44DA1E-E339-446C-A75A-6313259F3315}.Debug|Any CPU.ActiveCfg = Debug|Any CPU
		{9E44DA1E-E339-446C-A75A-6313259F3315}.Debug|Any CPU.Build.0 = Debug|Any CPU
		{9E44DA1E-E339-446C-A75A-6313259F3315}.Release|Any CPU.ActiveCfg = Release|Any CPU
		{9E44DA1E-E339-446C-A75A-6313259F3315}.Release|Any CPU.Build.0 = Release|Any CPU
		{C6B1A6D6-5351-4DB1-864F-BD4D91BB3410}.Debug|Any CPU.ActiveCfg = Debug|Any CPU
		{C6B1A6D6-5351-4DB1-864F-BD4D91BB3410}.Debug|Any CPU.Build.0 = Debug|Any CPU
		{C6B1A6D6-5351-4DB1-864F-BD4D91BB3410}.Release|Any CPU.ActiveCfg = Release|Any CPU
		{C6B1A6D6-5351-4DB1-864F-BD4D91BB3410}.Release|Any CPU.Build.0 = Release|Any CPU
		{A700007E-9235-4C9F-81F2-31DD59658C87}.Debug|Any CPU.ActiveCfg = Debug|Any CPU
		{A700007E-9235-4C9F-81F2-31DD59658C87}.Debug|Any CPU.Build.0 = Debug|Any CPU
		{A700007E-9235-4C9F-81F2-31DD59658C87}.Release|Any CPU.ActiveCfg = Release|Any CPU
		{A700007E-9235-4C9F-81F2-31DD59658C87}.Release|Any CPU.Build.0 = Release|Any CPU
	EndGlobalSection
	GlobalSection(SolutionProperties) = preSolution
		HideSolutionNode = FALSE
	EndGlobalSection
	GlobalSection(ExtensibilityGlobals) = postSolution
		SolutionGuid = {FFA414CC-0864-433C-A0D4-83DD2F872A24}
	EndGlobalSection
EndGlobal
