
Microsoft Visual Studio Solution File, Format Version 12.00
# Visual Studio Version 17
VisualStudioVersion = 17.3.32922.545
MinimumVisualStudioVersion = 10.0.40219.1
Project("{9A19103F-16F7-4668-BE54-9A1E7A4F7556}") = "Person", "01.Person\Person.csproj", "{605D718D-DA29-4D54-9B0C-7C7BEC1D3C51}"
EndProject
Project("{9A19103F-16F7-4668-BE54-9A1E7A4F7556}") = "Zoo", "Zoo\Zoo.csproj", "{2BB6E8F8-2BA5-4031-BCC0-6C991E547015}"
EndProject
Project("{9A19103F-16F7-4668-BE54-9A1E7A4F7556}") = "PlayersAndMonsters", "PlayersAndMonsters\PlayersAndMonsters.csproj", "{6238CBA2-DBAB-424F-A115-6A739AF110C1}"
EndProject
Project("{9A19103F-16F7-4668-BE54-9A1E7A4F7556}") = "NeedForSpeed", "NeedForSpeed\NeedForSpeed.csproj", "{80471C48-5895-4289-BD2A-E9B2C0F033C6}"
EndProject
Global
	GlobalSection(SolutionConfigurationPlatforms) = preSolution
		Debug|Any CPU = Debug|Any CPU
		Release|Any CPU = Release|Any CPU
	EndGlobalSection
	GlobalSection(ProjectConfigurationPlatforms) = postSolution
		{605D718D-DA29-4D54-9B0C-7C7BEC1D3C51}.Debug|Any CPU.ActiveCfg = Debug|Any CPU
		{605D718D-DA29-4D54-9B0C-7C7BEC1D3C51}.Debug|Any CPU.Build.0 = Debug|Any CPU
		{605D718D-DA29-4D54-9B0C-7C7BEC1D3C51}.Release|Any CPU.ActiveCfg = Release|Any CPU
		{605D718D-DA29-4D54-9B0C-7C7BEC1D3C51}.Release|Any CPU.Build.0 = Release|Any CPU
		{2BB6E8F8-2BA5-4031-BCC0-6C991E547015}.Debug|Any CPU.ActiveCfg = Debug|Any CPU
		{2BB6E8F8-2BA5-4031-BCC0-6C991E547015}.Debug|Any CPU.Build.0 = Debug|Any CPU
		{2BB6E8F8-2BA5-4031-BCC0-6C991E547015}.Release|Any CPU.ActiveCfg = Release|Any CPU
		{2BB6E8F8-2BA5-4031-BCC0-6C991E547015}.Release|Any CPU.Build.0 = Release|Any CPU
		{6238CBA2-DBAB-424F-A115-6A739AF110C1}.Debug|Any CPU.ActiveCfg = Debug|Any CPU
		{6238CBA2-DBAB-424F-A115-6A739AF110C1}.Debug|Any CPU.Build.0 = Debug|Any CPU
		{6238CBA2-DBAB-424F-A115-6A739AF110C1}.Release|Any CPU.ActiveCfg = Release|Any CPU
		{6238CBA2-DBAB-424F-A115-6A739AF110C1}.Release|Any CPU.Build.0 = Release|Any CPU
		{80471C48-5895-4289-BD2A-E9B2C0F033C6}.Debug|Any CPU.ActiveCfg = Debug|Any CPU
		{80471C48-5895-4289-BD2A-E9B2C0F033C6}.Debug|Any CPU.Build.0 = Debug|Any CPU
		{80471C48-5895-4289-BD2A-E9B2C0F033C6}.Release|Any CPU.ActiveCfg = Release|Any CPU
		{80471C48-5895-4289-BD2A-E9B2C0F033C6}.Release|Any CPU.Build.0 = Release|Any CPU
	EndGlobalSection
	GlobalSection(SolutionProperties) = preSolution
		HideSolutionNode = FALSE
	EndGlobalSection
	GlobalSection(ExtensibilityGlobals) = postSolution
		SolutionGuid = {32361C1C-F805-4EE4-AC02-74A231BEB1DD}
	EndGlobalSection
EndGlobal
