
Microsoft Visual Studio Solution File, Format Version 12.00
# Visual Studio Version 17
VisualStudioVersion = 17.1.32228.430
MinimumVisualStudioVersion = 10.0.40219.1
Project("{FAE04EC0-301F-11D3-BF4B-00C04F79EFBC}") = "01. Match Full Name", "01. Match Full Name\01. Match Full Name.csproj", "{A3B6ECEE-2127-41EB-9EA1-822C7F84DA61}"
EndProject
Project("{FAE04EC0-301F-11D3-BF4B-00C04F79EFBC}") = "02. Match Phone Number", "02. Match Phone Number\02. Match Phone Number.csproj", "{05EC023F-7EC0-42F7-9AB4-0814B24D0F2D}"
EndProject
Global
	GlobalSection(SolutionConfigurationPlatforms) = preSolution
		Debug|Any CPU = Debug|Any CPU
		Release|Any CPU = Release|Any CPU
	EndGlobalSection
	GlobalSection(ProjectConfigurationPlatforms) = postSolution
		{A3B6ECEE-2127-41EB-9EA1-822C7F84DA61}.Debug|Any CPU.ActiveCfg = Debug|Any CPU
		{A3B6ECEE-2127-41EB-9EA1-822C7F84DA61}.Debug|Any CPU.Build.0 = Debug|Any CPU
		{A3B6ECEE-2127-41EB-9EA1-822C7F84DA61}.Release|Any CPU.ActiveCfg = Release|Any CPU
		{A3B6ECEE-2127-41EB-9EA1-822C7F84DA61}.Release|Any CPU.Build.0 = Release|Any CPU
		{05EC023F-7EC0-42F7-9AB4-0814B24D0F2D}.Debug|Any CPU.ActiveCfg = Debug|Any CPU
		{05EC023F-7EC0-42F7-9AB4-0814B24D0F2D}.Debug|Any CPU.Build.0 = Debug|Any CPU
		{05EC023F-7EC0-42F7-9AB4-0814B24D0F2D}.Release|Any CPU.ActiveCfg = Release|Any CPU
		{05EC023F-7EC0-42F7-9AB4-0814B24D0F2D}.Release|Any CPU.Build.0 = Release|Any CPU
	EndGlobalSection
	GlobalSection(SolutionProperties) = preSolution
		HideSolutionNode = FALSE
	EndGlobalSection
	GlobalSection(ExtensibilityGlobals) = postSolution
		SolutionGuid = {81BD1401-55CC-4D3C-B269-B7671DB2F7DB}
	EndGlobalSection
EndGlobal
